// !$*UTF8*$!
{
	archiveVersion = 1;
	classes = {
	};
	objectVersion = 50;
	objects = {

/* Begin PBXBuildFile section */
		6A59D75B20E7DD74008FB2AB /* SM_File.h in Headers */ = {isa = PBXBuildFile; fileRef = 6A59D75920E7DD74008FB2AB /* SM_File.h */; };
		6A59D75C20E7DD74008FB2AB /* SM_File.m in Sources */ = {isa = PBXBuildFile; fileRef = 6A59D75A20E7DD74008FB2AB /* SM_File.m */; };
		6A59D75F20E7E2E6008FB2AB /* UIKit.framework in Frameworks */ = {isa = PBXBuildFile; fileRef = 6A59D75E20E7E2E6008FB2AB /* UIKit.framework */; };
		6A71C0E020FB574200BBDC87 /* libiOSSimi.a in Frameworks */ = {isa = PBXBuildFile; fileRef = 6A71C0A720FB574200BBDC87 /* libiOSSimi.a */; };
		6A981A632125B7E300ED3FF4 /* SM_WriteStream.h in Headers */ = {isa = PBXBuildFile; fileRef = 6A981A612125B7E300ED3FF4 /* SM_WriteStream.h */; };
		6A981A642125B7E300ED3FF4 /* SM_WriteStream.m in Sources */ = {isa = PBXBuildFile; fileRef = 6A981A622125B7E300ED3FF4 /* SM_WriteStream.m */; };
		6AB172A021246C4700F32968 /* SimiCallable.h in Headers */ = {isa = PBXBuildFile; fileRef = 6AB1726A21246C4200F32968 /* SimiCallable.h */; };
		6AB172A121246C4700F32968 /* ErrorWatcher.h in Headers */ = {isa = PBXBuildFile; fileRef = 6AB1726B21246C4200F32968 /* ErrorWatcher.h */; };
		6AB172A221246C4700F32968 /* SimiMapper.h in Headers */ = {isa = PBXBuildFile; fileRef = 6AB1726C21246C4200F32968 /* SimiMapper.h */; };
		6AB172A321246C4700F32968 /* Continue.h in Headers */ = {isa = PBXBuildFile; fileRef = 6AB1726D21246C4200F32968 /* Continue.h */; };
		6AB172A421246C4700F32968 /* Simi.h in Headers */ = {isa = PBXBuildFile; fileRef = 6AB1726E21246C4200F32968 /* Simi.h */; };
		6AB172A521246C4700F32968 /* SimiMethod.h in Headers */ = {isa = PBXBuildFile; fileRef = 6AB1726F21246C4200F32968 /* SimiMethod.h */; };
		6AB172A621246C4700F32968 /* Scanner.h in Headers */ = {isa = PBXBuildFile; fileRef = 6AB1727021246C4200F32968 /* Scanner.h */; };
		6AB172A721246C4700F32968 /* SparseArray.h in Headers */ = {isa = PBXBuildFile; fileRef = 6AB1727121246C4200F32968 /* SparseArray.h */; };
		6AB172A821246C4700F32968 /* Resolver.h in Headers */ = {isa = PBXBuildFile; fileRef = 6AB1727221246C4200F32968 /* Resolver.h */; };
		6AB172A921246C4700F32968 /* Pass.h in Headers */ = {isa = PBXBuildFile; fileRef = 6AB1727321246C4200F32968 /* Pass.h */; };
		6AB172AA21246C4700F32968 /* ActiveSimi.h in Headers */ = {isa = PBXBuildFile; fileRef = 6AB1727421246C4200F32968 /* ActiveSimi.h */; };
		6AB172AB21246C4700F32968 /* Parser.h in Headers */ = {isa = PBXBuildFile; fileRef = 6AB1727521246C4200F32968 /* Parser.h */; };
		6AB172AC21246C4700F32968 /* Stmt.h in Headers */ = {isa = PBXBuildFile; fileRef = 6AB1727621246C4200F32968 /* Stmt.h */; };
		6AB172AD21246C4700F32968 /* SimiClass.h in Headers */ = {isa = PBXBuildFile; fileRef = 6AB1727721246C4300F32968 /* SimiClass.h */; };
		6AB172AE21246C4700F32968 /* TokenType.h in Headers */ = {isa = PBXBuildFile; fileRef = 6AB1727821246C4300F32968 /* TokenType.h */; };
		6AB172AF21246C4700F32968 /* Interpreter.h in Headers */ = {isa = PBXBuildFile; fileRef = 6AB1727921246C4300F32968 /* Interpreter.h */; };
		6AB172B021246C4700F32968 /* SimiPropertyImpl.h in Headers */ = {isa = PBXBuildFile; fileRef = 6AB1727A21246C4300F32968 /* SimiPropertyImpl.h */; };
		6AB172B121246C4700F32968 /* SimiClassImpl.h in Headers */ = {isa = PBXBuildFile; fileRef = 6AB1727B21246C4300F32968 /* SimiClassImpl.h */; };
		6AB172B221246C4700F32968 /* SimiApiClass.h in Headers */ = {isa = PBXBuildFile; fileRef = 6AB1727C21246C4300F32968 /* SimiApiClass.h */; };
		6AB172B321246C4700F32968 /* RuntimeError.h in Headers */ = {isa = PBXBuildFile; fileRef = 6AB1727D21246C4300F32968 /* RuntimeError.h */; };
		6AB172B421246C4700F32968 /* SimiBlock.h in Headers */ = {isa = PBXBuildFile; fileRef = 6AB1727E21246C4300F32968 /* SimiBlock.h */; };
		6AB172B521246C4700F32968 /* SimiObjectImpl.h in Headers */ = {isa = PBXBuildFile; fileRef = 6AB1727F21246C4300F32968 /* SimiObjectImpl.h */; };
		6AB172B621246C4700F32968 /* SimiException.h in Headers */ = {isa = PBXBuildFile; fileRef = 6AB1728021246C4300F32968 /* SimiException.h */; };
		6AB172B721246C4700F32968 /* SimiProperty.h in Headers */ = {isa = PBXBuildFile; fileRef = 6AB1728121246C4400F32968 /* SimiProperty.h */; };
		6AB172B821246C4700F32968 /* SimiJavaClass.h in Headers */ = {isa = PBXBuildFile; fileRef = 6AB1728221246C4400F32968 /* SimiJavaClass.h */; };
		6AB172B921246C4700F32968 /* Yield.h in Headers */ = {isa = PBXBuildFile; fileRef = 6AB1728321246C4400F32968 /* Yield.h */; };
		6AB172BA21246C4700F32968 /* Token.h in Headers */ = {isa = PBXBuildFile; fileRef = 6AB1728421246C4400F32968 /* Token.h */; };
		6AB172BB21246C4700F32968 /* CocoaNativeModulesManager.h in Headers */ = {isa = PBXBuildFile; fileRef = 6AB1728521246C4400F32968 /* CocoaNativeModulesManager.h */; };
		6AB172BC21246C4700F32968 /* SimiObject.h in Headers */ = {isa = PBXBuildFile; fileRef = 6AB1728621246C4400F32968 /* SimiObject.h */; };
		6AB172BD21246C4700F32968 /* SimiNativeObject.h in Headers */ = {isa = PBXBuildFile; fileRef = 6AB1728721246C4400F32968 /* SimiNativeObject.h */; };
		6AB172BE21246C4700F32968 /* SimiEnvironment.h in Headers */ = {isa = PBXBuildFile; fileRef = 6AB1728821246C4400F32968 /* SimiEnvironment.h */; };
		6AB172BF21246C4800F32968 /* Codifiable.h in Headers */ = {isa = PBXBuildFile; fileRef = 6AB1728921246C4400F32968 /* Codifiable.h */; };
		6AB172C021246C4800F32968 /* BlockInterpreter.h in Headers */ = {isa = PBXBuildFile; fileRef = 6AB1728A21246C4500F32968 /* BlockInterpreter.h */; };
		6AB172C121246C4800F32968 /* Constants.h in Headers */ = {isa = PBXBuildFile; fileRef = 6AB1728B21246C4500F32968 /* Constants.h */; };
		6AB172C221246C4800F32968 /* IOSObjectArray+Simi.h in Headers */ = {isa = PBXBuildFile; fileRef = 6AB1728C21246C4500F32968 /* IOSObjectArray+Simi.h */; };
		6AB172C321246C4800F32968 /* SimiNativeClass.h in Headers */ = {isa = PBXBuildFile; fileRef = 6AB1728D21246C4500F32968 /* SimiNativeClass.h */; };
		6AB172C421246C4800F32968 /* SimiValue.h in Headers */ = {isa = PBXBuildFile; fileRef = 6AB1728E21246C4500F32968 /* SimiValue.h */; };
		6AB172C521246C4800F32968 /* ConversionUtil.h in Headers */ = {isa = PBXBuildFile; fileRef = 6AB1728F21246C4500F32968 /* ConversionUtil.h */; };
		6AB172C621246C4800F32968 /* Break.h in Headers */ = {isa = PBXBuildFile; fileRef = 6AB1729021246C4500F32968 /* Break.h */; };
		6AB172C721246C4800F32968 /* Return.h in Headers */ = {isa = PBXBuildFile; fileRef = 6AB1729121246C4500F32968 /* Return.h */; };
		6AB172C821246C4800F32968 /* SimiFunction.h in Headers */ = {isa = PBXBuildFile; fileRef = 6AB1729221246C4600F32968 /* SimiFunction.h */; };
		6AB172C921246C4800F32968 /* SimiStatement.h in Headers */ = {isa = PBXBuildFile; fileRef = 6AB1729321246C4600F32968 /* SimiStatement.h */; };
		6AB172CA21246C4800F32968 /* BaseClassesNativeImpl.h in Headers */ = {isa = PBXBuildFile; fileRef = 6AB1729421246C4600F32968 /* BaseClassesNativeImpl.h */; };
		6AB172CB21246C4800F32968 /* SimiJavaGlobal.h in Headers */ = {isa = PBXBuildFile; fileRef = 6AB1729521246C4600F32968 /* SimiJavaGlobal.h */; };
		6AB172CC21246C4800F32968 /* Environment.h in Headers */ = {isa = PBXBuildFile; fileRef = 6AB1729621246C4600F32968 /* Environment.h */; };
		6AB172CD21246C4800F32968 /* SimiJavaMethod.h in Headers */ = {isa = PBXBuildFile; fileRef = 6AB1729721246C4600F32968 /* SimiJavaMethod.h */; };
		6AB172CE21246C4800F32968 /* ErrorHub.h in Headers */ = {isa = PBXBuildFile; fileRef = 6AB1729821246C4600F32968 /* ErrorHub.h */; };
		6AB172CF21246C4800F32968 /* NativeModulesManager.h in Headers */ = {isa = PBXBuildFile; fileRef = 6AB1729921246C4600F32968 /* NativeModulesManager.h */; };
		6AB172D021246C4800F32968 /* TempNull.h in Headers */ = {isa = PBXBuildFile; fileRef = 6AB1729A21246C4700F32968 /* TempNull.h */; };
		6AB172D121246C4800F32968 /* Expr.h in Headers */ = {isa = PBXBuildFile; fileRef = 6AB1729B21246C4700F32968 /* Expr.h */; };
		6AB172D221246C4800F32968 /* OverloadableFunction.h in Headers */ = {isa = PBXBuildFile; fileRef = 6AB1729C21246C4700F32968 /* OverloadableFunction.h */; };
		6AB172D321246C4800F32968 /* GenerateAst.h in Headers */ = {isa = PBXBuildFile; fileRef = 6AB1729D21246C4700F32968 /* GenerateAst.h */; };
		6AB172D421246C4800F32968 /* JavaNativeModulesManager.h in Headers */ = {isa = PBXBuildFile; fileRef = 6AB1729E21246C4700F32968 /* JavaNativeModulesManager.h */; };
		6AB172D521246C4800F32968 /* BlockImpl.h in Headers */ = {isa = PBXBuildFile; fileRef = 6AB1729F21246C4700F32968 /* BlockImpl.h */; };
		6ACE44352126EB4700113E98 /* SimiFile_Mac.h in Headers */ = {isa = PBXBuildFile; fileRef = 6ACE44332126EB4700113E98 /* SimiFile_Mac.h */; settings = {ATTRIBUTES = (Public, ); }; };
		6ACE443A2126EB5F00113E98 /* libiOSSimi Mac.a in Frameworks */ = {isa = PBXBuildFile; fileRef = 6ACE44392126EB5F00113E98 /* libiOSSimi Mac.a */; };
/* End PBXBuildFile section */

/* Begin PBXFileReference section */
		6A59D6E220E7DBD7008FB2AB /* SimiFile.framework */ = {isa = PBXFileReference; explicitFileType = wrapper.framework; includeInIndex = 0; path = SimiFile.framework; sourceTree = BUILT_PRODUCTS_DIR; };
		6A59D6E620E7DBD7008FB2AB /* Info.plist */ = {isa = PBXFileReference; lastKnownFileType = text.plist.xml; path = Info.plist; sourceTree = "<group>"; };
		6A59D75920E7DD74008FB2AB /* SM_File.h */ = {isa = PBXFileReference; lastKnownFileType = sourcecode.c.h; path = SM_File.h; sourceTree = "<group>"; };
		6A59D75A20E7DD74008FB2AB /* SM_File.m */ = {isa = PBXFileReference; lastKnownFileType = sourcecode.c.objc; path = SM_File.m; sourceTree = "<group>"; };
		6A59D75E20E7E2E6008FB2AB /* UIKit.framework */ = {isa = PBXFileReference; lastKnownFileType = wrapper.framework; name = UIKit.framework; path = System/Library/Frameworks/UIKit.framework; sourceTree = SDKROOT; };
		6A71C0A720FB574200BBDC87 /* libiOSSimi.a */ = {isa = PBXFileReference; lastKnownFileType = archive.ar; path = libiOSSimi.a; sourceTree = "<group>"; };
		6A981A612125B7E300ED3FF4 /* SM_WriteStream.h */ = {isa = PBXFileReference; lastKnownFileType = sourcecode.c.h; path = SM_WriteStream.h; sourceTree = "<group>"; };
		6A981A622125B7E300ED3FF4 /* SM_WriteStream.m */ = {isa = PBXFileReference; lastKnownFileType = sourcecode.c.objc; path = SM_WriteStream.m; sourceTree = "<group>"; };
		6AB1726A21246C4200F32968 /* SimiCallable.h */ = {isa = PBXFileReference; fileEncoding = 4; lastKnownFileType = sourcecode.c.h; path = SimiCallable.h; sourceTree = "<group>"; };
		6AB1726B21246C4200F32968 /* ErrorWatcher.h */ = {isa = PBXFileReference; fileEncoding = 4; lastKnownFileType = sourcecode.c.h; path = ErrorWatcher.h; sourceTree = "<group>"; };
		6AB1726C21246C4200F32968 /* SimiMapper.h */ = {isa = PBXFileReference; fileEncoding = 4; lastKnownFileType = sourcecode.c.h; path = SimiMapper.h; sourceTree = "<group>"; };
		6AB1726D21246C4200F32968 /* Continue.h */ = {isa = PBXFileReference; fileEncoding = 4; lastKnownFileType = sourcecode.c.h; path = Continue.h; sourceTree = "<group>"; };
		6AB1726E21246C4200F32968 /* Simi.h */ = {isa = PBXFileReference; fileEncoding = 4; lastKnownFileType = sourcecode.c.h; path = Simi.h; sourceTree = "<group>"; };
		6AB1726F21246C4200F32968 /* SimiMethod.h */ = {isa = PBXFileReference; fileEncoding = 4; lastKnownFileType = sourcecode.c.h; path = SimiMethod.h; sourceTree = "<group>"; };
		6AB1727021246C4200F32968 /* Scanner.h */ = {isa = PBXFileReference; fileEncoding = 4; lastKnownFileType = sourcecode.c.h; path = Scanner.h; sourceTree = "<group>"; };
		6AB1727121246C4200F32968 /* SparseArray.h */ = {isa = PBXFileReference; fileEncoding = 4; lastKnownFileType = sourcecode.c.h; path = SparseArray.h; sourceTree = "<group>"; };
		6AB1727221246C4200F32968 /* Resolver.h */ = {isa = PBXFileReference; fileEncoding = 4; lastKnownFileType = sourcecode.c.h; path = Resolver.h; sourceTree = "<group>"; };
		6AB1727321246C4200F32968 /* Pass.h */ = {isa = PBXFileReference; fileEncoding = 4; lastKnownFileType = sourcecode.c.h; path = Pass.h; sourceTree = "<group>"; };
		6AB1727421246C4200F32968 /* ActiveSimi.h */ = {isa = PBXFileReference; fileEncoding = 4; lastKnownFileType = sourcecode.c.h; path = ActiveSimi.h; sourceTree = "<group>"; };
		6AB1727521246C4200F32968 /* Parser.h */ = {isa = PBXFileReference; fileEncoding = 4; lastKnownFileType = sourcecode.c.h; path = Parser.h; sourceTree = "<group>"; };
		6AB1727621246C4200F32968 /* Stmt.h */ = {isa = PBXFileReference; fileEncoding = 4; lastKnownFileType = sourcecode.c.h; path = Stmt.h; sourceTree = "<group>"; };
		6AB1727721246C4300F32968 /* SimiClass.h */ = {isa = PBXFileReference; fileEncoding = 4; lastKnownFileType = sourcecode.c.h; path = SimiClass.h; sourceTree = "<group>"; };
		6AB1727821246C4300F32968 /* TokenType.h */ = {isa = PBXFileReference; fileEncoding = 4; lastKnownFileType = sourcecode.c.h; path = TokenType.h; sourceTree = "<group>"; };
		6AB1727921246C4300F32968 /* Interpreter.h */ = {isa = PBXFileReference; fileEncoding = 4; lastKnownFileType = sourcecode.c.h; path = Interpreter.h; sourceTree = "<group>"; };
		6AB1727A21246C4300F32968 /* SimiPropertyImpl.h */ = {isa = PBXFileReference; fileEncoding = 4; lastKnownFileType = sourcecode.c.h; path = SimiPropertyImpl.h; sourceTree = "<group>"; };
		6AB1727B21246C4300F32968 /* SimiClassImpl.h */ = {isa = PBXFileReference; fileEncoding = 4; lastKnownFileType = sourcecode.c.h; path = SimiClassImpl.h; sourceTree = "<group>"; };
		6AB1727C21246C4300F32968 /* SimiApiClass.h */ = {isa = PBXFileReference; fileEncoding = 4; lastKnownFileType = sourcecode.c.h; path = SimiApiClass.h; sourceTree = "<group>"; };
		6AB1727D21246C4300F32968 /* RuntimeError.h */ = {isa = PBXFileReference; fileEncoding = 4; lastKnownFileType = sourcecode.c.h; path = RuntimeError.h; sourceTree = "<group>"; };
		6AB1727E21246C4300F32968 /* SimiBlock.h */ = {isa = PBXFileReference; fileEncoding = 4; lastKnownFileType = sourcecode.c.h; path = SimiBlock.h; sourceTree = "<group>"; };
		6AB1727F21246C4300F32968 /* SimiObjectImpl.h */ = {isa = PBXFileReference; fileEncoding = 4; lastKnownFileType = sourcecode.c.h; path = SimiObjectImpl.h; sourceTree = "<group>"; };
		6AB1728021246C4300F32968 /* SimiException.h */ = {isa = PBXFileReference; fileEncoding = 4; lastKnownFileType = sourcecode.c.h; path = SimiException.h; sourceTree = "<group>"; };
		6AB1728121246C4400F32968 /* SimiProperty.h */ = {isa = PBXFileReference; fileEncoding = 4; lastKnownFileType = sourcecode.c.h; path = SimiProperty.h; sourceTree = "<group>"; };
		6AB1728221246C4400F32968 /* SimiJavaClass.h */ = {isa = PBXFileReference; fileEncoding = 4; lastKnownFileType = sourcecode.c.h; path = SimiJavaClass.h; sourceTree = "<group>"; };
		6AB1728321246C4400F32968 /* Yield.h */ = {isa = PBXFileReference; fileEncoding = 4; lastKnownFileType = sourcecode.c.h; path = Yield.h; sourceTree = "<group>"; };
		6AB1728421246C4400F32968 /* Token.h */ = {isa = PBXFileReference; fileEncoding = 4; lastKnownFileType = sourcecode.c.h; path = Token.h; sourceTree = "<group>"; };
		6AB1728521246C4400F32968 /* CocoaNativeModulesManager.h */ = {isa = PBXFileReference; fileEncoding = 4; lastKnownFileType = sourcecode.c.h; path = CocoaNativeModulesManager.h; sourceTree = "<group>"; };
		6AB1728621246C4400F32968 /* SimiObject.h */ = {isa = PBXFileReference; fileEncoding = 4; lastKnownFileType = sourcecode.c.h; path = SimiObject.h; sourceTree = "<group>"; };
		6AB1728721246C4400F32968 /* SimiNativeObject.h */ = {isa = PBXFileReference; fileEncoding = 4; lastKnownFileType = sourcecode.c.h; path = SimiNativeObject.h; sourceTree = "<group>"; };
		6AB1728821246C4400F32968 /* SimiEnvironment.h */ = {isa = PBXFileReference; fileEncoding = 4; lastKnownFileType = sourcecode.c.h; path = SimiEnvironment.h; sourceTree = "<group>"; };
		6AB1728921246C4400F32968 /* Codifiable.h */ = {isa = PBXFileReference; fileEncoding = 4; lastKnownFileType = sourcecode.c.h; path = Codifiable.h; sourceTree = "<group>"; };
		6AB1728A21246C4500F32968 /* BlockInterpreter.h */ = {isa = PBXFileReference; fileEncoding = 4; lastKnownFileType = sourcecode.c.h; path = BlockInterpreter.h; sourceTree = "<group>"; };
		6AB1728B21246C4500F32968 /* Constants.h */ = {isa = PBXFileReference; fileEncoding = 4; lastKnownFileType = sourcecode.c.h; path = Constants.h; sourceTree = "<group>"; };
		6AB1728C21246C4500F32968 /* IOSObjectArray+Simi.h */ = {isa = PBXFileReference; fileEncoding = 4; lastKnownFileType = sourcecode.c.h; path = "IOSObjectArray+Simi.h"; sourceTree = "<group>"; };
		6AB1728D21246C4500F32968 /* SimiNativeClass.h */ = {isa = PBXFileReference; fileEncoding = 4; lastKnownFileType = sourcecode.c.h; path = SimiNativeClass.h; sourceTree = "<group>"; };
		6AB1728E21246C4500F32968 /* SimiValue.h */ = {isa = PBXFileReference; fileEncoding = 4; lastKnownFileType = sourcecode.c.h; path = SimiValue.h; sourceTree = "<group>"; };
		6AB1728F21246C4500F32968 /* ConversionUtil.h */ = {isa = PBXFileReference; fileEncoding = 4; lastKnownFileType = sourcecode.c.h; path = ConversionUtil.h; sourceTree = "<group>"; };
		6AB1729021246C4500F32968 /* Break.h */ = {isa = PBXFileReference; fileEncoding = 4; lastKnownFileType = sourcecode.c.h; path = Break.h; sourceTree = "<group>"; };
		6AB1729121246C4500F32968 /* Return.h */ = {isa = PBXFileReference; fileEncoding = 4; lastKnownFileType = sourcecode.c.h; path = Return.h; sourceTree = "<group>"; };
		6AB1729221246C4600F32968 /* SimiFunction.h */ = {isa = PBXFileReference; fileEncoding = 4; lastKnownFileType = sourcecode.c.h; path = SimiFunction.h; sourceTree = "<group>"; };
		6AB1729321246C4600F32968 /* SimiStatement.h */ = {isa = PBXFileReference; fileEncoding = 4; lastKnownFileType = sourcecode.c.h; path = SimiStatement.h; sourceTree = "<group>"; };
		6AB1729421246C4600F32968 /* BaseClassesNativeImpl.h */ = {isa = PBXFileReference; fileEncoding = 4; lastKnownFileType = sourcecode.c.h; path = BaseClassesNativeImpl.h; sourceTree = "<group>"; };
		6AB1729521246C4600F32968 /* SimiJavaGlobal.h */ = {isa = PBXFileReference; fileEncoding = 4; lastKnownFileType = sourcecode.c.h; path = SimiJavaGlobal.h; sourceTree = "<group>"; };
		6AB1729621246C4600F32968 /* Environment.h */ = {isa = PBXFileReference; fileEncoding = 4; lastKnownFileType = sourcecode.c.h; path = Environment.h; sourceTree = "<group>"; };
		6AB1729721246C4600F32968 /* SimiJavaMethod.h */ = {isa = PBXFileReference; fileEncoding = 4; lastKnownFileType = sourcecode.c.h; path = SimiJavaMethod.h; sourceTree = "<group>"; };
		6AB1729821246C4600F32968 /* ErrorHub.h */ = {isa = PBXFileReference; fileEncoding = 4; lastKnownFileType = sourcecode.c.h; path = ErrorHub.h; sourceTree = "<group>"; };
		6AB1729921246C4600F32968 /* NativeModulesManager.h */ = {isa = PBXFileReference; fileEncoding = 4; lastKnownFileType = sourcecode.c.h; path = NativeModulesManager.h; sourceTree = "<group>"; };
		6AB1729A21246C4700F32968 /* TempNull.h */ = {isa = PBXFileReference; fileEncoding = 4; lastKnownFileType = sourcecode.c.h; path = TempNull.h; sourceTree = "<group>"; };
		6AB1729B21246C4700F32968 /* Expr.h */ = {isa = PBXFileReference; fileEncoding = 4; lastKnownFileType = sourcecode.c.h; path = Expr.h; sourceTree = "<group>"; };
		6AB1729C21246C4700F32968 /* OverloadableFunction.h */ = {isa = PBXFileReference; fileEncoding = 4; lastKnownFileType = sourcecode.c.h; path = OverloadableFunction.h; sourceTree = "<group>"; };
		6AB1729D21246C4700F32968 /* GenerateAst.h */ = {isa = PBXFileReference; fileEncoding = 4; lastKnownFileType = sourcecode.c.h; path = GenerateAst.h; sourceTree = "<group>"; };
		6AB1729E21246C4700F32968 /* JavaNativeModulesManager.h */ = {isa = PBXFileReference; fileEncoding = 4; lastKnownFileType = sourcecode.c.h; path = JavaNativeModulesManager.h; sourceTree = "<group>"; };
		6AB1729F21246C4700F32968 /* BlockImpl.h */ = {isa = PBXFileReference; fileEncoding = 4; lastKnownFileType = sourcecode.c.h; path = BlockImpl.h; sourceTree = "<group>"; };
		6ACE44312126EB4700113E98 /* SimiFile.framework */ = {isa = PBXFileReference; explicitFileType = wrapper.framework; includeInIndex = 0; path = SimiFile.framework; sourceTree = BUILT_PRODUCTS_DIR; };
		6ACE44332126EB4700113E98 /* SimiFile_Mac.h */ = {isa = PBXFileReference; lastKnownFileType = sourcecode.c.h; path = SimiFile_Mac.h; sourceTree = "<group>"; };
		6ACE44342126EB4700113E98 /* Info.plist */ = {isa = PBXFileReference; lastKnownFileType = text.plist.xml; path = Info.plist; sourceTree = "<group>"; };
		6ACE44392126EB5F00113E98 /* libiOSSimi Mac.a */ = {isa = PBXFileReference; lastKnownFileType = archive.ar; path = "libiOSSimi Mac.a"; sourceTree = "<group>"; };
/* End PBXFileReference section */

/* Begin PBXFrameworksBuildPhase section */
		6A59D6DE20E7DBD7008FB2AB /* Frameworks */ = {
			isa = PBXFrameworksBuildPhase;
			buildActionMask = 2147483647;
			files = (
				6A59D75F20E7E2E6008FB2AB /* UIKit.framework in Frameworks */,
				6A71C0E020FB574200BBDC87 /* libiOSSimi.a in Frameworks */,
			);
			runOnlyForDeploymentPostprocessing = 0;
		};
		6ACE442D2126EB4700113E98 /* Frameworks */ = {
			isa = PBXFrameworksBuildPhase;
			buildActionMask = 2147483647;
			files = (
				6ACE443A2126EB5F00113E98 /* libiOSSimi Mac.a in Frameworks */,
			);
			runOnlyForDeploymentPostprocessing = 0;
		};
/* End PBXFrameworksBuildPhase section */

/* Begin PBXGroup section */
		6A59D6D820E7DBD7008FB2AB = {
			isa = PBXGroup;
			children = (
				6A59D6E420E7DBD7008FB2AB /* SimiFile */,
				6ACE44322126EB4700113E98 /* SimiFile Mac */,
				6A59D6E320E7DBD7008FB2AB /* Products */,
				6A59D75D20E7E2E6008FB2AB /* Frameworks */,
			);
			sourceTree = "<group>";
		};
		6A59D6E320E7DBD7008FB2AB /* Products */ = {
			isa = PBXGroup;
			children = (
				6A59D6E220E7DBD7008FB2AB /* SimiFile.framework */,
				6ACE44312126EB4700113E98 /* SimiFile.framework */,
			);
			name = Products;
			sourceTree = "<group>";
		};
		6A59D6E420E7DBD7008FB2AB /* SimiFile */ = {
			isa = PBXGroup;
			children = (
				6A71C0A820FB574200BBDC87 /* include */,
				6A71C0A720FB574200BBDC87 /* libiOSSimi.a */,
				6ACE44392126EB5F00113E98 /* libiOSSimi Mac.a */,
				6A59D6E620E7DBD7008FB2AB /* Info.plist */,
				6A59D75920E7DD74008FB2AB /* SM_File.h */,
				6A59D75A20E7DD74008FB2AB /* SM_File.m */,
				6A981A612125B7E300ED3FF4 /* SM_WriteStream.h */,
				6A981A622125B7E300ED3FF4 /* SM_WriteStream.m */,
			);
			path = SimiFile;
			sourceTree = "<group>";
		};
		6A59D75D20E7E2E6008FB2AB /* Frameworks */ = {
			isa = PBXGroup;
			children = (
				6A59D75E20E7E2E6008FB2AB /* UIKit.framework */,
			);
			name = Frameworks;
			sourceTree = "<group>";
		};
		6A71C0A820FB574200BBDC87 /* include */ = {
			isa = PBXGroup;
			children = (
				6A71C0A920FB574200BBDC87 /* iOSSimi */,
			);
			path = include;
			sourceTree = "<group>";
		};
		6A71C0A920FB574200BBDC87 /* iOSSimi */ = {
			isa = PBXGroup;
			children = (
				6AB1727421246C4200F32968 /* ActiveSimi.h */,
				6AB1729421246C4600F32968 /* BaseClassesNativeImpl.h */,
				6AB1729F21246C4700F32968 /* BlockImpl.h */,
				6AB1728A21246C4500F32968 /* BlockInterpreter.h */,
				6AB1729021246C4500F32968 /* Break.h */,
				6AB1728521246C4400F32968 /* CocoaNativeModulesManager.h */,
				6AB1728921246C4400F32968 /* Codifiable.h */,
				6AB1728B21246C4500F32968 /* Constants.h */,
				6AB1726D21246C4200F32968 /* Continue.h */,
				6AB1728F21246C4500F32968 /* ConversionUtil.h */,
				6AB1729621246C4600F32968 /* Environment.h */,
				6AB1729821246C4600F32968 /* ErrorHub.h */,
				6AB1726B21246C4200F32968 /* ErrorWatcher.h */,
				6AB1729B21246C4700F32968 /* Expr.h */,
				6AB1729D21246C4700F32968 /* GenerateAst.h */,
				6AB1727921246C4300F32968 /* Interpreter.h */,
				6AB1728C21246C4500F32968 /* IOSObjectArray+Simi.h */,
				6AB1729E21246C4700F32968 /* JavaNativeModulesManager.h */,
				6AB1729921246C4600F32968 /* NativeModulesManager.h */,
				6AB1729C21246C4700F32968 /* OverloadableFunction.h */,
				6AB1727521246C4200F32968 /* Parser.h */,
				6AB1727321246C4200F32968 /* Pass.h */,
				6AB1727221246C4200F32968 /* Resolver.h */,
				6AB1729121246C4500F32968 /* Return.h */,
				6AB1727D21246C4300F32968 /* RuntimeError.h */,
				6AB1727021246C4200F32968 /* Scanner.h */,
				6AB1726E21246C4200F32968 /* Simi.h */,
				6AB1727C21246C4300F32968 /* SimiApiClass.h */,
				6AB1727E21246C4300F32968 /* SimiBlock.h */,
				6AB1726A21246C4200F32968 /* SimiCallable.h */,
				6AB1727721246C4300F32968 /* SimiClass.h */,
				6AB1727B21246C4300F32968 /* SimiClassImpl.h */,
				6AB1728821246C4400F32968 /* SimiEnvironment.h */,
				6AB1728021246C4300F32968 /* SimiException.h */,
				6AB1729221246C4600F32968 /* SimiFunction.h */,
				6AB1728221246C4400F32968 /* SimiJavaClass.h */,
				6AB1729521246C4600F32968 /* SimiJavaGlobal.h */,
				6AB1729721246C4600F32968 /* SimiJavaMethod.h */,
				6AB1726C21246C4200F32968 /* SimiMapper.h */,
				6AB1726F21246C4200F32968 /* SimiMethod.h */,
				6AB1728D21246C4500F32968 /* SimiNativeClass.h */,
				6AB1728721246C4400F32968 /* SimiNativeObject.h */,
				6AB1728621246C4400F32968 /* SimiObject.h */,
				6AB1727F21246C4300F32968 /* SimiObjectImpl.h */,
				6AB1728121246C4400F32968 /* SimiProperty.h */,
				6AB1727A21246C4300F32968 /* SimiPropertyImpl.h */,
				6AB1729321246C4600F32968 /* SimiStatement.h */,
				6AB1728E21246C4500F32968 /* SimiValue.h */,
				6AB1727121246C4200F32968 /* SparseArray.h */,
				6AB1727621246C4200F32968 /* Stmt.h */,
				6AB1729A21246C4700F32968 /* TempNull.h */,
				6AB1728421246C4400F32968 /* Token.h */,
				6AB1727821246C4300F32968 /* TokenType.h */,
				6AB1728321246C4400F32968 /* Yield.h */,
			);
			path = iOSSimi;
			sourceTree = "<group>";
		};
		6ACE44322126EB4700113E98 /* SimiFile Mac */ = {
			isa = PBXGroup;
			children = (
				6ACE44332126EB4700113E98 /* SimiFile_Mac.h */,
				6ACE44342126EB4700113E98 /* Info.plist */,
			);
			path = "SimiFile Mac";
			sourceTree = "<group>";
		};
/* End PBXGroup section */

/* Begin PBXHeadersBuildPhase section */
		6A59D6DF20E7DBD7008FB2AB /* Headers */ = {
			isa = PBXHeadersBuildPhase;
			buildActionMask = 2147483647;
			files = (
				6AB172B921246C4700F32968 /* Yield.h in Headers */,
				6AB172C721246C4800F32968 /* Return.h in Headers */,
				6AB172B521246C4700F32968 /* SimiObjectImpl.h in Headers */,
				6AB172C621246C4800F32968 /* Break.h in Headers */,
				6AB172A121246C4700F32968 /* ErrorWatcher.h in Headers */,
				6AB172A621246C4700F32968 /* Scanner.h in Headers */,
				6AB172C821246C4800F32968 /* SimiFunction.h in Headers */,
				6AB172B221246C4700F32968 /* SimiApiClass.h in Headers */,
				6AB172C521246C4800F32968 /* ConversionUtil.h in Headers */,
				6AB172CE21246C4800F32968 /* ErrorHub.h in Headers */,
				6AB172C921246C4800F32968 /* SimiStatement.h in Headers */,
				6AB172A821246C4700F32968 /* Resolver.h in Headers */,
				6A981A632125B7E300ED3FF4 /* SM_WriteStream.h in Headers */,
				6AB172D521246C4800F32968 /* BlockImpl.h in Headers */,
				6AB172BA21246C4700F32968 /* Token.h in Headers */,
				6AB172B821246C4700F32968 /* SimiJavaClass.h in Headers */,
				6AB172BB21246C4700F32968 /* CocoaNativeModulesManager.h in Headers */,
				6AB172CB21246C4800F32968 /* SimiJavaGlobal.h in Headers */,
				6AB172A221246C4700F32968 /* SimiMapper.h in Headers */,
				6AB172AE21246C4700F32968 /* TokenType.h in Headers */,
				6AB172AC21246C4700F32968 /* Stmt.h in Headers */,
				6AB172A421246C4700F32968 /* Simi.h in Headers */,
				6AB172CF21246C4800F32968 /* NativeModulesManager.h in Headers */,
				6AB172B421246C4700F32968 /* SimiBlock.h in Headers */,
				6AB172BE21246C4700F32968 /* SimiEnvironment.h in Headers */,
				6AB172C121246C4800F32968 /* Constants.h in Headers */,
				6AB172B021246C4700F32968 /* SimiPropertyImpl.h in Headers */,
				6AB172AB21246C4700F32968 /* Parser.h in Headers */,
				6AB172A921246C4700F32968 /* Pass.h in Headers */,
				6AB172D421246C4800F32968 /* JavaNativeModulesManager.h in Headers */,
				6AB172A021246C4700F32968 /* SimiCallable.h in Headers */,
				6AB172C021246C4800F32968 /* BlockInterpreter.h in Headers */,
				6AB172B621246C4700F32968 /* SimiException.h in Headers */,
				6AB172BF21246C4800F32968 /* Codifiable.h in Headers */,
				6AB172AD21246C4700F32968 /* SimiClass.h in Headers */,
				6AB172D321246C4800F32968 /* GenerateAst.h in Headers */,
				6AB172A721246C4700F32968 /* SparseArray.h in Headers */,
				6AB172C221246C4800F32968 /* IOSObjectArray+Simi.h in Headers */,
				6AB172C321246C4800F32968 /* SimiNativeClass.h in Headers */,
				6AB172B721246C4700F32968 /* SimiProperty.h in Headers */,
				6AB172AA21246C4700F32968 /* ActiveSimi.h in Headers */,
				6AB172A321246C4700F32968 /* Continue.h in Headers */,
				6AB172CA21246C4800F32968 /* BaseClassesNativeImpl.h in Headers */,
				6AB172B121246C4700F32968 /* SimiClassImpl.h in Headers */,
				6AB172CD21246C4800F32968 /* SimiJavaMethod.h in Headers */,
				6AB172CC21246C4800F32968 /* Environment.h in Headers */,
				6AB172BC21246C4700F32968 /* SimiObject.h in Headers */,
				6AB172C421246C4800F32968 /* SimiValue.h in Headers */,
				6AB172B321246C4700F32968 /* RuntimeError.h in Headers */,
				6A59D75B20E7DD74008FB2AB /* SM_File.h in Headers */,
				6AB172A521246C4700F32968 /* SimiMethod.h in Headers */,
				6AB172D021246C4800F32968 /* TempNull.h in Headers */,
				6AB172D121246C4800F32968 /* Expr.h in Headers */,
				6AB172AF21246C4700F32968 /* Interpreter.h in Headers */,
				6AB172D221246C4800F32968 /* OverloadableFunction.h in Headers */,
				6AB172BD21246C4700F32968 /* SimiNativeObject.h in Headers */,
			);
			runOnlyForDeploymentPostprocessing = 0;
		};
		6ACE442E2126EB4700113E98 /* Headers */ = {
			isa = PBXHeadersBuildPhase;
			buildActionMask = 2147483647;
			files = (
				6ACE44352126EB4700113E98 /* SimiFile_Mac.h in Headers */,
			);
			runOnlyForDeploymentPostprocessing = 0;
		};
/* End PBXHeadersBuildPhase section */

/* Begin PBXNativeTarget section */
		6A59D6E120E7DBD7008FB2AB /* SimiFile */ = {
			isa = PBXNativeTarget;
			buildConfigurationList = 6A59D6EA20E7DBD7008FB2AB /* Build configuration list for PBXNativeTarget "SimiFile" */;
			buildPhases = (
				6A59D6DD20E7DBD7008FB2AB /* Sources */,
				6A59D6DE20E7DBD7008FB2AB /* Frameworks */,
				6A59D6DF20E7DBD7008FB2AB /* Headers */,
				6A59D6E020E7DBD7008FB2AB /* Resources */,
			);
			buildRules = (
			);
			dependencies = (
			);
			name = SimiFile;
			productName = SimiNet;
			productReference = 6A59D6E220E7DBD7008FB2AB /* SimiFile.framework */;
			productType = "com.apple.product-type.framework";
		};
		6ACE44302126EB4700113E98 /* SimiFile Mac */ = {
			isa = PBXNativeTarget;
			buildConfigurationList = 6ACE44382126EB4700113E98 /* Build configuration list for PBXNativeTarget "SimiFile Mac" */;
			buildPhases = (
				6ACE442C2126EB4700113E98 /* Sources */,
				6ACE442D2126EB4700113E98 /* Frameworks */,
				6ACE442E2126EB4700113E98 /* Headers */,
				6ACE442F2126EB4700113E98 /* Resources */,
			);
			buildRules = (
			);
			dependencies = (
			);
			name = "SimiFile Mac";
			productName = "SimiFile Mac";
			productReference = 6ACE44312126EB4700113E98 /* SimiFile.framework */;
			productType = "com.apple.product-type.framework";
		};
/* End PBXNativeTarget section */

/* Begin PBXProject section */
		6A59D6D920E7DBD7008FB2AB /* Project object */ = {
			isa = PBXProject;
			attributes = {
				LastUpgradeCheck = 0940;
				ORGANIZATIONNAME = "Gordan Glavaš";
				TargetAttributes = {
					6A59D6E120E7DBD7008FB2AB = {
						CreatedOnToolsVersion = 9.4.1;
					};
					6ACE44302126EB4700113E98 = {
						CreatedOnToolsVersion = 9.4.1;
					};
				};
			};
			buildConfigurationList = 6A59D6DC20E7DBD7008FB2AB /* Build configuration list for PBXProject "SimiFile" */;
			compatibilityVersion = "Xcode 9.3";
			developmentRegion = en;
			hasScannedForEncodings = 0;
			knownRegions = (
				en,
			);
			mainGroup = 6A59D6D820E7DBD7008FB2AB;
			productRefGroup = 6A59D6E320E7DBD7008FB2AB /* Products */;
			projectDirPath = "";
			projectRoot = "";
			targets = (
				6A59D6E120E7DBD7008FB2AB /* SimiFile */,
				6ACE44302126EB4700113E98 /* SimiFile Mac */,
			);
		};
/* End PBXProject section */

/* Begin PBXResourcesBuildPhase section */
		6A59D6E020E7DBD7008FB2AB /* Resources */ = {
			isa = PBXResourcesBuildPhase;
			buildActionMask = 2147483647;
			files = (
			);
			runOnlyForDeploymentPostprocessing = 0;
		};
		6ACE442F2126EB4700113E98 /* Resources */ = {
			isa = PBXResourcesBuildPhase;
			buildActionMask = 2147483647;
			files = (
			);
			runOnlyForDeploymentPostprocessing = 0;
		};
/* End PBXResourcesBuildPhase section */

/* Begin PBXSourcesBuildPhase section */
		6A59D6DD20E7DBD7008FB2AB /* Sources */ = {
			isa = PBXSourcesBuildPhase;
			buildActionMask = 2147483647;
			files = (
				6A59D75C20E7DD74008FB2AB /* SM_File.m in Sources */,
				6A981A642125B7E300ED3FF4 /* SM_WriteStream.m in Sources */,
			);
			runOnlyForDeploymentPostprocessing = 0;
		};
		6ACE442C2126EB4700113E98 /* Sources */ = {
			isa = PBXSourcesBuildPhase;
			buildActionMask = 2147483647;
			files = (
			);
			runOnlyForDeploymentPostprocessing = 0;
		};
/* End PBXSourcesBuildPhase section */

/* Begin XCBuildConfiguration section */
		6A59D6E820E7DBD7008FB2AB /* Debug */ = {
			isa = XCBuildConfiguration;
			buildSettings = {
				ALWAYS_SEARCH_USER_PATHS = NO;
				CLANG_ANALYZER_NONNULL = YES;
				CLANG_ANALYZER_NUMBER_OBJECT_CONVERSION = YES_AGGRESSIVE;
				CLANG_CXX_LANGUAGE_STANDARD = "gnu++14";
				CLANG_CXX_LIBRARY = "libc++";
				CLANG_ENABLE_MODULES = YES;
				CLANG_ENABLE_OBJC_ARC = YES;
				CLANG_ENABLE_OBJC_WEAK = YES;
				CLANG_WARN_BLOCK_CAPTURE_AUTORELEASING = YES;
				CLANG_WARN_BOOL_CONVERSION = YES;
				CLANG_WARN_COMMA = YES;
				CLANG_WARN_CONSTANT_CONVERSION = YES;
				CLANG_WARN_DEPRECATED_OBJC_IMPLEMENTATIONS = YES;
				CLANG_WARN_DIRECT_OBJC_ISA_USAGE = YES_ERROR;
				CLANG_WARN_DOCUMENTATION_COMMENTS = YES;
				CLANG_WARN_EMPTY_BODY = YES;
				CLANG_WARN_ENUM_CONVERSION = YES;
				CLANG_WARN_INFINITE_RECURSION = YES;
				CLANG_WARN_INT_CONVERSION = YES;
				CLANG_WARN_NON_LITERAL_NULL_CONVERSION = YES;
				CLANG_WARN_OBJC_IMPLICIT_RETAIN_SELF = YES;
				CLANG_WARN_OBJC_LITERAL_CONVERSION = YES;
				CLANG_WARN_OBJC_ROOT_CLASS = YES_ERROR;
				CLANG_WARN_RANGE_LOOP_ANALYSIS = YES;
				CLANG_WARN_STRICT_PROTOTYPES = YES;
				CLANG_WARN_SUSPICIOUS_MOVE = YES;
				CLANG_WARN_UNGUARDED_AVAILABILITY = YES_AGGRESSIVE;
				CLANG_WARN_UNREACHABLE_CODE = YES;
				CLANG_WARN__DUPLICATE_METHOD_MATCH = YES;
				CODE_SIGN_IDENTITY = "iPhone Developer";
				COPY_PHASE_STRIP = NO;
				CURRENT_PROJECT_VERSION = 1;
				DEBUG_INFORMATION_FORMAT = dwarf;
				ENABLE_STRICT_OBJC_MSGSEND = YES;
				ENABLE_TESTABILITY = YES;
				GCC_C_LANGUAGE_STANDARD = gnu11;
				GCC_DYNAMIC_NO_PIC = NO;
				GCC_NO_COMMON_BLOCKS = YES;
				GCC_OPTIMIZATION_LEVEL = 0;
				GCC_PREPROCESSOR_DEFINITIONS = (
					"DEBUG=1",
					"$(inherited)",
				);
				GCC_WARN_64_TO_32_BIT_CONVERSION = YES;
				GCC_WARN_ABOUT_RETURN_TYPE = YES_ERROR;
				GCC_WARN_UNDECLARED_SELECTOR = YES;
				GCC_WARN_UNINITIALIZED_AUTOS = YES_AGGRESSIVE;
				GCC_WARN_UNUSED_FUNCTION = YES;
				GCC_WARN_UNUSED_VARIABLE = YES;
				IPHONEOS_DEPLOYMENT_TARGET = 11.4;
				MTL_ENABLE_DEBUG_INFO = YES;
				ONLY_ACTIVE_ARCH = YES;
				SDKROOT = iphoneos;
				VERSIONING_SYSTEM = "apple-generic";
				VERSION_INFO_PREFIX = "";
			};
			name = Debug;
		};
		6A59D6E920E7DBD7008FB2AB /* Release */ = {
			isa = XCBuildConfiguration;
			buildSettings = {
				ALWAYS_SEARCH_USER_PATHS = NO;
				CLANG_ANALYZER_NONNULL = YES;
				CLANG_ANALYZER_NUMBER_OBJECT_CONVERSION = YES_AGGRESSIVE;
				CLANG_CXX_LANGUAGE_STANDARD = "gnu++14";
				CLANG_CXX_LIBRARY = "libc++";
				CLANG_ENABLE_MODULES = YES;
				CLANG_ENABLE_OBJC_ARC = YES;
				CLANG_ENABLE_OBJC_WEAK = YES;
				CLANG_WARN_BLOCK_CAPTURE_AUTORELEASING = YES;
				CLANG_WARN_BOOL_CONVERSION = YES;
				CLANG_WARN_COMMA = YES;
				CLANG_WARN_CONSTANT_CONVERSION = YES;
				CLANG_WARN_DEPRECATED_OBJC_IMPLEMENTATIONS = YES;
				CLANG_WARN_DIRECT_OBJC_ISA_USAGE = YES_ERROR;
				CLANG_WARN_DOCUMENTATION_COMMENTS = YES;
				CLANG_WARN_EMPTY_BODY = YES;
				CLANG_WARN_ENUM_CONVERSION = YES;
				CLANG_WARN_INFINITE_RECURSION = YES;
				CLANG_WARN_INT_CONVERSION = YES;
				CLANG_WARN_NON_LITERAL_NULL_CONVERSION = YES;
				CLANG_WARN_OBJC_IMPLICIT_RETAIN_SELF = YES;
				CLANG_WARN_OBJC_LITERAL_CONVERSION = YES;
				CLANG_WARN_OBJC_ROOT_CLASS = YES_ERROR;
				CLANG_WARN_RANGE_LOOP_ANALYSIS = YES;
				CLANG_WARN_STRICT_PROTOTYPES = YES;
				CLANG_WARN_SUSPICIOUS_MOVE = YES;
				CLANG_WARN_UNGUARDED_AVAILABILITY = YES_AGGRESSIVE;
				CLANG_WARN_UNREACHABLE_CODE = YES;
				CLANG_WARN__DUPLICATE_METHOD_MATCH = YES;
				CODE_SIGN_IDENTITY = "iPhone Developer";
				COPY_PHASE_STRIP = NO;
				CURRENT_PROJECT_VERSION = 1;
				DEBUG_INFORMATION_FORMAT = "dwarf-with-dsym";
				ENABLE_NS_ASSERTIONS = NO;
				ENABLE_STRICT_OBJC_MSGSEND = YES;
				GCC_C_LANGUAGE_STANDARD = gnu11;
				GCC_NO_COMMON_BLOCKS = YES;
				GCC_WARN_64_TO_32_BIT_CONVERSION = YES;
				GCC_WARN_ABOUT_RETURN_TYPE = YES_ERROR;
				GCC_WARN_UNDECLARED_SELECTOR = YES;
				GCC_WARN_UNINITIALIZED_AUTOS = YES_AGGRESSIVE;
				GCC_WARN_UNUSED_FUNCTION = YES;
				GCC_WARN_UNUSED_VARIABLE = YES;
				IPHONEOS_DEPLOYMENT_TARGET = 11.4;
				MTL_ENABLE_DEBUG_INFO = NO;
				SDKROOT = iphoneos;
				VALIDATE_PRODUCT = YES;
				VERSIONING_SYSTEM = "apple-generic";
				VERSION_INFO_PREFIX = "";
			};
			name = Release;
		};
		6A59D6EB20E7DBD7008FB2AB /* Debug */ = {
			isa = XCBuildConfiguration;
			buildSettings = {
				CODE_SIGN_IDENTITY = "";
				CODE_SIGN_STYLE = Automatic;
				DEFINES_MODULE = YES;
				DEVELOPMENT_TEAM = N43KYHR3HM;
				DYLIB_COMPATIBILITY_VERSION = 1;
				DYLIB_CURRENT_VERSION = 1;
				DYLIB_INSTALL_NAME_BASE = "@rpath";
				FRAMEWORK_SEARCH_PATHS = "${J2OBJC_HOME}/frameworks";
				HEADER_SEARCH_PATHS = "/Users/gordanglavas/Desktop/github/simi-ios/SimiCalc/**";
				INFOPLIST_FILE = "$(SRCROOT)/SimiFile/Info.plist";
				INSTALL_PATH = "$(LOCAL_LIBRARY_DIR)/Frameworks";
				J2OBJC_HOME = "/Users/gordanglavas/Downloads/j2objc-2.1/dist";
				LD_RUNPATH_SEARCH_PATHS = (
					"$(inherited)",
					"@executable_path/Frameworks",
					"@loader_path/Frameworks",
				);
				LIBRARY_SEARCH_PATHS = (
					"/Users/gordanglavas/Desktop/github/simi-ios/SimiCalc/**",
					"${J2OBJC_HOME}/lib",
					"$(PROJECT_DIR)/SimiFile",
				);
				OTHER_LDFLAGS = (
					"-ljre_emul",
					"-l\"iconv\"",
				);
				PRODUCT_BUNDLE_IDENTIFIER = net.globulus.SimiFile;
				PRODUCT_NAME = "$(TARGET_NAME:c99extidentifier)";
				SKIP_INSTALL = YES;
				TARGETED_DEVICE_FAMILY = "1,2";
				USER_HEADER_SEARCH_PATHS = "${J2OBJC_HOME}/include";
			};
			name = Debug;
		};
		6A59D6EC20E7DBD7008FB2AB /* Release */ = {
			isa = XCBuildConfiguration;
			buildSettings = {
				CODE_SIGN_IDENTITY = "";
				CODE_SIGN_STYLE = Automatic;
				DEFINES_MODULE = YES;
				DEVELOPMENT_TEAM = N43KYHR3HM;
				DYLIB_COMPATIBILITY_VERSION = 1;
				DYLIB_CURRENT_VERSION = 1;
				DYLIB_INSTALL_NAME_BASE = "@rpath";
				FRAMEWORK_SEARCH_PATHS = "${J2OBJC_HOME}/frameworks";
				HEADER_SEARCH_PATHS = "/Users/gordanglavas/Desktop/github/simi-ios/SimiCalc/**";
				INFOPLIST_FILE = "$(SRCROOT)/SimiFile/Info.plist";
				INSTALL_PATH = "$(LOCAL_LIBRARY_DIR)/Frameworks";
				J2OBJC_HOME = "/Users/gordanglavas/Downloads/j2objc-2.1/dist";
				LD_RUNPATH_SEARCH_PATHS = (
					"$(inherited)",
					"@executable_path/Frameworks",
					"@loader_path/Frameworks",
				);
				LIBRARY_SEARCH_PATHS = (
					"/Users/gordanglavas/Desktop/github/simi-ios/SimiCalc/**",
					"${J2OBJC_HOME}/lib",
					"$(PROJECT_DIR)/SimiFile",
				);
				OTHER_LDFLAGS = (
					"-ljre_emul",
					"-l\"iconv\"",
				);
				PRODUCT_BUNDLE_IDENTIFIER = net.globulus.SimiFile;
				PRODUCT_NAME = "$(TARGET_NAME:c99extidentifier)";
				SKIP_INSTALL = YES;
				TARGETED_DEVICE_FAMILY = "1,2";
				USER_HEADER_SEARCH_PATHS = "${J2OBJC_HOME}/include";
			};
			name = Release;
		};
		6ACE44362126EB4700113E98 /* Debug */ = {
			isa = XCBuildConfiguration;
			buildSettings = {
				CODE_SIGN_IDENTITY = "Mac Developer";
				CODE_SIGN_STYLE = Manual;
				COMBINE_HIDPI_IMAGES = YES;
				DEFINES_MODULE = YES;
				DEVELOPMENT_TEAM = "";
				DYLIB_COMPATIBILITY_VERSION = 1;
				DYLIB_CURRENT_VERSION = 1;
				DYLIB_INSTALL_NAME_BASE = "@rpath";
				FRAMEWORK_VERSION = A;
				INFOPLIST_FILE = "SimiFile Mac/Info.plist";
				INSTALL_PATH = "$(LOCAL_LIBRARY_DIR)/Frameworks";
				LD_RUNPATH_SEARCH_PATHS = (
					"$(inherited)",
					"@executable_path/../Frameworks",
					"@loader_path/Frameworks",
				);
				LIBRARY_SEARCH_PATHS = (
					"$(inherited)",
					"$(PROJECT_DIR)/SimiFile",
				);
				MACOSX_DEPLOYMENT_TARGET = 10.13;
				PRODUCT_BUNDLE_IDENTIFIER = "net.globulus.SimiFile-Mac";
				PRODUCT_NAME = SimiFile;
				PROVISIONING_PROFILE_SPECIFIER = "";
				SDKROOT = macosx;
				SKIP_INSTALL = YES;
			};
			name = Debug;
		};
		6ACE44372126EB4700113E98 /* Release */ = {
			isa = XCBuildConfiguration;
			buildSettings = {
				CODE_SIGN_IDENTITY = "Mac Developer";
				CODE_SIGN_STYLE = Manual;
				COMBINE_HIDPI_IMAGES = YES;
				DEFINES_MODULE = YES;
				DEVELOPMENT_TEAM = "";
				DYLIB_COMPATIBILITY_VERSION = 1;
				DYLIB_CURRENT_VERSION = 1;
				DYLIB_INSTALL_NAME_BASE = "@rpath";
				FRAMEWORK_VERSION = A;
				INFOPLIST_FILE = "SimiFile Mac/Info.plist";
				INSTALL_PATH = "$(LOCAL_LIBRARY_DIR)/Frameworks";
				LD_RUNPATH_SEARCH_PATHS = (
					"$(inherited)",
					"@executable_path/../Frameworks",
					"@loader_path/Frameworks",
				);
				LIBRARY_SEARCH_PATHS = (
					"$(inherited)",
					"$(PROJECT_DIR)/SimiFile",
				);
				MACOSX_DEPLOYMENT_TARGET = 10.13;
				PRODUCT_BUNDLE_IDENTIFIER = "net.globulus.SimiFile-Mac";
				PRODUCT_NAME = SimiFile;
				PROVISIONING_PROFILE_SPECIFIER = "";
				SDKROOT = macosx;
				SKIP_INSTALL = YES;
			};
			name = Release;
		};
/* End XCBuildConfiguration section */

/* Begin XCConfigurationList section */
		6A59D6DC20E7DBD7008FB2AB /* Build configuration list for PBXProject "SimiFile" */ = {
			isa = XCConfigurationList;
			buildConfigurations = (
				6A59D6E820E7DBD7008FB2AB /* Debug */,
				6A59D6E920E7DBD7008FB2AB /* Release */,
			);
			defaultConfigurationIsVisible = 0;
			defaultConfigurationName = Release;
		};
		6A59D6EA20E7DBD7008FB2AB /* Build configuration list for PBXNativeTarget "SimiFile" */ = {
			isa = XCConfigurationList;
			buildConfigurations = (
				6A59D6EB20E7DBD7008FB2AB /* Debug */,
				6A59D6EC20E7DBD7008FB2AB /* Release */,
			);
			defaultConfigurationIsVisible = 0;
			defaultConfigurationName = Release;
		};
		6ACE44382126EB4700113E98 /* Build configuration list for PBXNativeTarget "SimiFile Mac" */ = {
			isa = XCConfigurationList;
			buildConfigurations = (
				6ACE44362126EB4700113E98 /* Debug */,
				6ACE44372126EB4700113E98 /* Release */,
			);
			defaultConfigurationIsVisible = 0;
			defaultConfigurationName = Release;
		};
/* End XCConfigurationList section */
	};
	rootObject = 6A59D6D920E7DBD7008FB2AB /* Project object */;
}
