// !$*UTF8*$!
{
	archiveVersion = 1;
	classes = {
	};
	objectVersion = 50;
	objects = {

/* Begin PBXBuildFile section */
		6A000D56208E026200F8BF0A /* json.simi in Resources */ = {isa = PBXBuildFile; fileRef = 6A000D54208E026200F8BF0A /* json.simi */; };
		6A000D57208E026200F8BF0A /* redditstats.simi in Resources */ = {isa = PBXBuildFile; fileRef = 6A000D55208E026200F8BF0A /* redditstats.simi */; };
		6A486B92208BDF61000398A6 /* stdlib.simi in Resources */ = {isa = PBXBuildFile; fileRef = 6A486B8C208BDF61000398A6 /* stdlib.simi */; };
		6A486B96208C652A000398A6 /* calc.simi in Resources */ = {isa = PBXBuildFile; fileRef = 6A486B95208C652A000398A6 /* calc.simi */; };
		6A71C09F20FB545400BBDC87 /* libiOSSimi.a in Frameworks */ = {isa = PBXBuildFile; fileRef = 6A71C09C20FB520500BBDC87 /* libiOSSimi.a */; };
		6A71C13620FBE21100BBDC87 /* SimiNet.framework in Frameworks */ = {isa = PBXBuildFile; fileRef = 6A71C13520FBE1E700BBDC87 /* SimiNet.framework */; };
		6A71C13720FBE21400BBDC87 /* SimiNet.framework in Frameworks */ = {isa = PBXBuildFile; fileRef = 6A71C13520FBE1E700BBDC87 /* SimiNet.framework */; };
		6A71C13820FBE21400BBDC87 /* SimiNet.framework in Embed Frameworks */ = {isa = PBXBuildFile; fileRef = 6A71C13520FBE1E700BBDC87 /* SimiNet.framework */; settings = {ATTRIBUTES = (CodeSignOnCopy, RemoveHeadersOnCopy, ); }; };
		6AF83E06208A7A30005CA323 /* AppDelegate.m in Sources */ = {isa = PBXBuildFile; fileRef = 6AF83E05208A7A30005CA323 /* AppDelegate.m */; };
		6AF83E09208A7A30005CA323 /* ViewController.m in Sources */ = {isa = PBXBuildFile; fileRef = 6AF83E08208A7A30005CA323 /* ViewController.m */; };
		6AF83E0C208A7A30005CA323 /* Main.storyboard in Resources */ = {isa = PBXBuildFile; fileRef = 6AF83E0A208A7A30005CA323 /* Main.storyboard */; };
		6AF83E0E208A7A31005CA323 /* Assets.xcassets in Resources */ = {isa = PBXBuildFile; fileRef = 6AF83E0D208A7A31005CA323 /* Assets.xcassets */; };
		6AF83E11208A7A31005CA323 /* LaunchScreen.storyboard in Resources */ = {isa = PBXBuildFile; fileRef = 6AF83E0F208A7A31005CA323 /* LaunchScreen.storyboard */; };
		6AF83E14208A7A31005CA323 /* main.m in Sources */ = {isa = PBXBuildFile; fileRef = 6AF83E13208A7A31005CA323 /* main.m */; };
		9DC4C65CB7D7C83ACED6611C /* libPods-SimiCalc.a in Frameworks */ = {isa = PBXBuildFile; fileRef = 9F1B2F8A1D06BA8A691E6A64 /* libPods-SimiCalc.a */; };
/* End PBXBuildFile section */

/* Begin PBXBuildRule section */
		6AE09901208A915600A23D75 /* PBXBuildRule */ = {
			isa = PBXBuildRule;
			compilerSpec = com.apple.compilers.proxy.script;
			fileType = sourcecode.java;
			isEditable = 1;
			outputFiles = (
				"${DERIVED_FILES_DIR}/${INPUT_FILE_BASE}.h",
				"${DERIVED_FILES_DIR}/${INPUT_FILE_BASE}.m",
			);
			script = "if [ ! -f \"${J2OBJC_HOME}/j2objc\" ]; then echo \"J2OBJC_HOME is not correctly defined, currently set to '${J2OBJC_HOME}'\"; exit 1; fi;\n\"${J2OBJC_HOME}/j2objc\" -d ${DERIVED_FILES_DIR} -sourcepath \"${PROJECT_DIR}/Simi/src\" --no-package-directories -g ${INPUT_FILE_PATH};";
		};
/* End PBXBuildRule section */

/* Begin PBXContainerItemProxy section */
		6A71C09B20FB520500BBDC87 /* PBXContainerItemProxy */ = {
			isa = PBXContainerItemProxy;
			containerPortal = 6A71C09620FB520400BBDC87 /* iOSSimi.xcodeproj */;
			proxyType = 2;
			remoteGlobalIDString = 6A59D5B920E7D183008FB2AB;
			remoteInfo = iOSSimi;
		};
		6A71C09D20FB520F00BBDC87 /* PBXContainerItemProxy */ = {
			isa = PBXContainerItemProxy;
			containerPortal = 6A71C09620FB520400BBDC87 /* iOSSimi.xcodeproj */;
			proxyType = 1;
			remoteGlobalIDString = 6A59D5B820E7D183008FB2AB;
			remoteInfo = iOSSimi;
		};
		6A71C13420FBE1E700BBDC87 /* PBXContainerItemProxy */ = {
			isa = PBXContainerItemProxy;
			containerPortal = 6A71C13020FBE1E700BBDC87 /* SimiNet.xcodeproj */;
			proxyType = 2;
			remoteGlobalIDString = 6A59D6E220E7DBD7008FB2AB;
			remoteInfo = SimiNet;
		};
		6A71C13920FBE21400BBDC87 /* PBXContainerItemProxy */ = {
			isa = PBXContainerItemProxy;
			containerPortal = 6A71C13020FBE1E700BBDC87 /* SimiNet.xcodeproj */;
			proxyType = 1;
			remoteGlobalIDString = 6A59D6E120E7DBD7008FB2AB;
			remoteInfo = SimiNet;
		};
/* End PBXContainerItemProxy section */

/* Begin PBXCopyFilesBuildPhase section */
		6A71C13B20FBE21400BBDC87 /* Embed Frameworks */ = {
			isa = PBXCopyFilesBuildPhase;
			buildActionMask = 2147483647;
			dstPath = "";
			dstSubfolderSpec = 10;
			files = (
				6A71C13820FBE21400BBDC87 /* SimiNet.framework in Embed Frameworks */,
			);
			name = "Embed Frameworks";
			runOnlyForDeploymentPostprocessing = 0;
		};
/* End PBXCopyFilesBuildPhase section */

/* Begin PBXFileReference section */
		6A000D52208E010A00F8BF0A /* Security.framework */ = {isa = PBXFileReference; lastKnownFileType = wrapper.framework; name = Security.framework; path = System/Library/Frameworks/Security.framework; sourceTree = SDKROOT; };
		6A000D54208E026200F8BF0A /* json.simi */ = {isa = PBXFileReference; fileEncoding = 4; lastKnownFileType = text; name = json.simi; path = Simi/json.simi; sourceTree = "<group>"; };
		6A000D55208E026200F8BF0A /* redditstats.simi */ = {isa = PBXFileReference; fileEncoding = 4; lastKnownFileType = text; name = redditstats.simi; path = Simi/redditstats.simi; sourceTree = "<group>"; };
		6A486B8C208BDF61000398A6 /* stdlib.simi */ = {isa = PBXFileReference; fileEncoding = 4; lastKnownFileType = text; path = stdlib.simi; sourceTree = "<group>"; };
		6A486B95208C652A000398A6 /* calc.simi */ = {isa = PBXFileReference; fileEncoding = 4; lastKnownFileType = text; name = calc.simi; path = Simi/calc.simi; sourceTree = "<group>"; };
		6A71C09620FB520400BBDC87 /* iOSSimi.xcodeproj */ = {isa = PBXFileReference; lastKnownFileType = "wrapper.pb-project"; name = iOSSimi.xcodeproj; path = SimiLib/iOSSimi/iOSSimi.xcodeproj; sourceTree = "<group>"; };
		6A71C13020FBE1E700BBDC87 /* SimiNet.xcodeproj */ = {isa = PBXFileReference; lastKnownFileType = "wrapper.pb-project"; name = SimiNet.xcodeproj; path = SimiLib/SimiNet/SimiNet.xcodeproj; sourceTree = "<group>"; };
		6AF83E01208A7A30005CA323 /* SimiCalc.app */ = {isa = PBXFileReference; explicitFileType = wrapper.application; includeInIndex = 0; path = SimiCalc.app; sourceTree = BUILT_PRODUCTS_DIR; };
		6AF83E04208A7A30005CA323 /* AppDelegate.h */ = {isa = PBXFileReference; lastKnownFileType = sourcecode.c.h; path = AppDelegate.h; sourceTree = "<group>"; };
		6AF83E05208A7A30005CA323 /* AppDelegate.m */ = {isa = PBXFileReference; lastKnownFileType = sourcecode.c.objc; path = AppDelegate.m; sourceTree = "<group>"; };
		6AF83E07208A7A30005CA323 /* ViewController.h */ = {isa = PBXFileReference; lastKnownFileType = sourcecode.c.h; path = ViewController.h; sourceTree = "<group>"; };
		6AF83E08208A7A30005CA323 /* ViewController.m */ = {isa = PBXFileReference; lastKnownFileType = sourcecode.c.objc; path = ViewController.m; sourceTree = "<group>"; };
		6AF83E0B208A7A30005CA323 /* Base */ = {isa = PBXFileReference; lastKnownFileType = file.storyboard; name = Base; path = Base.lproj/Main.storyboard; sourceTree = "<group>"; };
		6AF83E0D208A7A31005CA323 /* Assets.xcassets */ = {isa = PBXFileReference; lastKnownFileType = folder.assetcatalog; path = Assets.xcassets; sourceTree = "<group>"; };
		6AF83E10208A7A31005CA323 /* Base */ = {isa = PBXFileReference; lastKnownFileType = file.storyboard; name = Base; path = Base.lproj/LaunchScreen.storyboard; sourceTree = "<group>"; };
		6AF83E12208A7A31005CA323 /* Info.plist */ = {isa = PBXFileReference; lastKnownFileType = text.plist.xml; path = Info.plist; sourceTree = "<group>"; };
		6AF83E13208A7A31005CA323 /* main.m */ = {isa = PBXFileReference; lastKnownFileType = sourcecode.c.objc; path = main.m; sourceTree = "<group>"; };
		8C4CFA0DC5E3706D640DFE65 /* Pods-SimiCalc.release.xcconfig */ = {isa = PBXFileReference; includeInIndex = 1; lastKnownFileType = text.xcconfig; name = "Pods-SimiCalc.release.xcconfig"; path = "Pods/Target Support Files/Pods-SimiCalc/Pods-SimiCalc.release.xcconfig"; sourceTree = "<group>"; };
		9F1B2F8A1D06BA8A691E6A64 /* libPods-SimiCalc.a */ = {isa = PBXFileReference; explicitFileType = archive.ar; includeInIndex = 0; path = "libPods-SimiCalc.a"; sourceTree = BUILT_PRODUCTS_DIR; };
		EC835EE295D65B4E51036A1B /* Pods-SimiCalc.debug.xcconfig */ = {isa = PBXFileReference; includeInIndex = 1; lastKnownFileType = text.xcconfig; name = "Pods-SimiCalc.debug.xcconfig"; path = "Pods/Target Support Files/Pods-SimiCalc/Pods-SimiCalc.debug.xcconfig"; sourceTree = "<group>"; };
/* End PBXFileReference section */

/* Begin PBXFrameworksBuildPhase section */
		6AF83DFE208A7A30005CA323 /* Frameworks */ = {
			isa = PBXFrameworksBuildPhase;
			buildActionMask = 2147483647;
			files = (
				6A71C13620FBE21100BBDC87 /* SimiNet.framework in Frameworks */,
				6A71C09F20FB545400BBDC87 /* libiOSSimi.a in Frameworks */,
				6A71C13720FBE21400BBDC87 /* SimiNet.framework in Frameworks */,
				9DC4C65CB7D7C83ACED6611C /* libPods-SimiCalc.a in Frameworks */,
			);
			runOnlyForDeploymentPostprocessing = 0;
		};
/* End PBXFrameworksBuildPhase section */

/* Begin PBXGroup section */
		6A486B88208BDF60000398A6 /* stdlib */ = {
			isa = PBXGroup;
			children = (
				6A486B8C208BDF61000398A6 /* stdlib.simi */,
			);
			name = stdlib;
			path = Simi/stdlib;
			sourceTree = "<group>";
		};
		6A71C09720FB520400BBDC87 /* Products */ = {
			isa = PBXGroup;
			children = (
				6A71C09C20FB520500BBDC87 /* libiOSSimi.a */,
			);
			name = Products;
			sourceTree = "<group>";
		};
		6A71C13120FBE1E700BBDC87 /* Products */ = {
			isa = PBXGroup;
			children = (
				6A71C13520FBE1E700BBDC87 /* SimiNet.framework */,
			);
			name = Products;
			sourceTree = "<group>";
		};
		6AF83DF8208A7A30005CA323 = {
			isa = PBXGroup;
			children = (
				6A71C13020FBE1E700BBDC87 /* SimiNet.xcodeproj */,
				6A71C09620FB520400BBDC87 /* iOSSimi.xcodeproj */,
				6AF83E03208A7A30005CA323 /* SimiCalc */,
				6AF83E02208A7A30005CA323 /* Products */,
				F287D98DCEF12B8C4530F967 /* Pods */,
				A045F1AFF9B0B64DA70898F4 /* Frameworks */,
			);
			sourceTree = "<group>";
		};
		6AF83E02208A7A30005CA323 /* Products */ = {
			isa = PBXGroup;
			children = (
				6AF83E01208A7A30005CA323 /* SimiCalc.app */,
			);
			name = Products;
			sourceTree = "<group>";
		};
		6AF83E03208A7A30005CA323 /* SimiCalc */ = {
			isa = PBXGroup;
			children = (
				6A486B95208C652A000398A6 /* calc.simi */,
				6A000D54208E026200F8BF0A /* json.simi */,
				6A000D55208E026200F8BF0A /* redditstats.simi */,
				6A486B88208BDF60000398A6 /* stdlib */,
				6AF83E04208A7A30005CA323 /* AppDelegate.h */,
				6AF83E05208A7A30005CA323 /* AppDelegate.m */,
				6AF83E07208A7A30005CA323 /* ViewController.h */,
				6AF83E08208A7A30005CA323 /* ViewController.m */,
				6AF83E0A208A7A30005CA323 /* Main.storyboard */,
				6AF83E0D208A7A31005CA323 /* Assets.xcassets */,
				6AF83E0F208A7A31005CA323 /* LaunchScreen.storyboard */,
				6AF83E12208A7A31005CA323 /* Info.plist */,
				6AF83E13208A7A31005CA323 /* main.m */,
			);
			path = SimiCalc;
			sourceTree = "<group>";
		};
		A045F1AFF9B0B64DA70898F4 /* Frameworks */ = {
			isa = PBXGroup;
			children = (
				6A000D52208E010A00F8BF0A /* Security.framework */,
				9F1B2F8A1D06BA8A691E6A64 /* libPods-SimiCalc.a */,
			);
			name = Frameworks;
			sourceTree = "<group>";
		};
		F287D98DCEF12B8C4530F967 /* Pods */ = {
			isa = PBXGroup;
			children = (
				EC835EE295D65B4E51036A1B /* Pods-SimiCalc.debug.xcconfig */,
				8C4CFA0DC5E3706D640DFE65 /* Pods-SimiCalc.release.xcconfig */,
			);
			name = Pods;
			sourceTree = "<group>";
		};
/* End PBXGroup section */

/* Begin PBXNativeTarget section */
		6AF83E00208A7A30005CA323 /* SimiCalc */ = {
			isa = PBXNativeTarget;
			buildConfigurationList = 6AF83E17208A7A31005CA323 /* Build configuration list for PBXNativeTarget "SimiCalc" */;
			buildPhases = (
				4EDAF9547E1EF58AD0F61CAC /* [CP] Check Pods Manifest.lock */,
				6AF83DFD208A7A30005CA323 /* Sources */,
				6AF83DFE208A7A30005CA323 /* Frameworks */,
				6AF83DFF208A7A30005CA323 /* Resources */,
				6A71C13B20FBE21400BBDC87 /* Embed Frameworks */,
			);
			buildRules = (
				6AE09901208A915600A23D75 /* PBXBuildRule */,
			);
			dependencies = (
				6A71C09E20FB520F00BBDC87 /* PBXTargetDependency */,
				6A71C13A20FBE21400BBDC87 /* PBXTargetDependency */,
			);
			name = SimiCalc;
			productName = SimiCalc;
			productReference = 6AF83E01208A7A30005CA323 /* SimiCalc.app */;
			productType = "com.apple.product-type.application";
		};
/* End PBXNativeTarget section */

/* Begin PBXProject section */
		6AF83DF9208A7A30005CA323 /* Project object */ = {
			isa = PBXProject;
			attributes = {
				LastUpgradeCheck = 0930;
				ORGANIZATIONNAME = "Gordan Glavaš";
				TargetAttributes = {
					6AF83E00208A7A30005CA323 = {
						CreatedOnToolsVersion = 9.3;
					};
				};
			};
			buildConfigurationList = 6AF83DFC208A7A30005CA323 /* Build configuration list for PBXProject "SimiCalc" */;
			compatibilityVersion = "Xcode 9.3";
			developmentRegion = en;
			hasScannedForEncodings = 0;
			knownRegions = (
				en,
				Base,
			);
			mainGroup = 6AF83DF8208A7A30005CA323;
			productRefGroup = 6AF83E02208A7A30005CA323 /* Products */;
			projectDirPath = "";
			projectReferences = (
				{
					ProductGroup = 6A71C09720FB520400BBDC87 /* Products */;
					ProjectRef = 6A71C09620FB520400BBDC87 /* iOSSimi.xcodeproj */;
				},
				{
					ProductGroup = 6A71C13120FBE1E700BBDC87 /* Products */;
					ProjectRef = 6A71C13020FBE1E700BBDC87 /* SimiNet.xcodeproj */;
				},
			);
			projectRoot = "";
			targets = (
				6AF83E00208A7A30005CA323 /* SimiCalc */,
			);
		};
/* End PBXProject section */

/* Begin PBXReferenceProxy section */
		6A71C09C20FB520500BBDC87 /* libiOSSimi.a */ = {
			isa = PBXReferenceProxy;
			fileType = archive.ar;
			path = libiOSSimi.a;
			remoteRef = 6A71C09B20FB520500BBDC87 /* PBXContainerItemProxy */;
			sourceTree = BUILT_PRODUCTS_DIR;
		};
		6A71C13520FBE1E700BBDC87 /* SimiNet.framework */ = {
			isa = PBXReferenceProxy;
			fileType = wrapper.framework;
			path = SimiNet.framework;
			remoteRef = 6A71C13420FBE1E700BBDC87 /* PBXContainerItemProxy */;
			sourceTree = BUILT_PRODUCTS_DIR;
		};
/* End PBXReferenceProxy section */

/* Begin PBXResourcesBuildPhase section */
		6AF83DFF208A7A30005CA323 /* Resources */ = {
			isa = PBXResourcesBuildPhase;
			buildActionMask = 2147483647;
			files = (
				6AF83E11208A7A31005CA323 /* LaunchScreen.storyboard in Resources */,
				6AF83E0E208A7A31005CA323 /* Assets.xcassets in Resources */,
				6A000D57208E026200F8BF0A /* redditstats.simi in Resources */,
				6A486B92208BDF61000398A6 /* stdlib.simi in Resources */,
				6A000D56208E026200F8BF0A /* json.simi in Resources */,
				6A486B96208C652A000398A6 /* calc.simi in Resources */,
				6AF83E0C208A7A30005CA323 /* Main.storyboard in Resources */,
			);
			runOnlyForDeploymentPostprocessing = 0;
		};
/* End PBXResourcesBuildPhase section */

/* Begin PBXShellScriptBuildPhase section */
		4EDAF9547E1EF58AD0F61CAC /* [CP] Check Pods Manifest.lock */ = {
			isa = PBXShellScriptBuildPhase;
			buildActionMask = 2147483647;
			files = (
			);
			inputPaths = (
				"${PODS_PODFILE_DIR_PATH}/Podfile.lock",
				"${PODS_ROOT}/Manifest.lock",
			);
			name = "[CP] Check Pods Manifest.lock";
			outputPaths = (
				"$(DERIVED_FILE_DIR)/Pods-SimiCalc-checkManifestLockResult.txt",
			);
			runOnlyForDeploymentPostprocessing = 0;
			shellPath = /bin/sh;
			shellScript = "diff \"${PODS_PODFILE_DIR_PATH}/Podfile.lock\" \"${PODS_ROOT}/Manifest.lock\" > /dev/null\nif [ $? != 0 ] ; then\n    # print error to STDERR\n    echo \"error: The sandbox is not in sync with the Podfile.lock. Run 'pod install' or update your CocoaPods installation.\" >&2\n    exit 1\nfi\n# This output is used by Xcode 'outputs' to avoid re-running this script phase.\necho \"SUCCESS\" > \"${SCRIPT_OUTPUT_FILE_0}\"\n";
			showEnvVarsInLog = 0;
		};
/* End PBXShellScriptBuildPhase section */

/* Begin PBXSourcesBuildPhase section */
		6AF83DFD208A7A30005CA323 /* Sources */ = {
			isa = PBXSourcesBuildPhase;
			buildActionMask = 2147483647;
			files = (
				6AF83E09208A7A30005CA323 /* ViewController.m in Sources */,
				6AF83E14208A7A31005CA323 /* main.m in Sources */,
				6AF83E06208A7A30005CA323 /* AppDelegate.m in Sources */,
			);
			runOnlyForDeploymentPostprocessing = 0;
		};
/* End PBXSourcesBuildPhase section */

/* Begin PBXTargetDependency section */
		6A71C09E20FB520F00BBDC87 /* PBXTargetDependency */ = {
			isa = PBXTargetDependency;
			name = iOSSimi;
			targetProxy = 6A71C09D20FB520F00BBDC87 /* PBXContainerItemProxy */;
		};
		6A71C13A20FBE21400BBDC87 /* PBXTargetDependency */ = {
			isa = PBXTargetDependency;
			name = SimiNet;
			targetProxy = 6A71C13920FBE21400BBDC87 /* PBXContainerItemProxy */;
		};
/* End PBXTargetDependency section */

/* Begin PBXVariantGroup section */
		6AF83E0A208A7A30005CA323 /* Main.storyboard */ = {
			isa = PBXVariantGroup;
			children = (
				6AF83E0B208A7A30005CA323 /* Base */,
			);
			name = Main.storyboard;
			sourceTree = "<group>";
		};
		6AF83E0F208A7A31005CA323 /* LaunchScreen.storyboard */ = {
			isa = PBXVariantGroup;
			children = (
				6AF83E10208A7A31005CA323 /* Base */,
			);
			name = LaunchScreen.storyboard;
			sourceTree = "<group>";
		};
/* End PBXVariantGroup section */

/* Begin XCBuildConfiguration section */
		6AF83E15208A7A31005CA323 /* Debug */ = {
			isa = XCBuildConfiguration;
			buildSettings = {
				ALWAYS_SEARCH_USER_PATHS = NO;
				CLANG_ANALYZER_NONNULL = YES;
				CLANG_ANALYZER_NUMBER_OBJECT_CONVERSION = YES_AGGRESSIVE;
				CLANG_CXX_LANGUAGE_STANDARD = "gnu++14";
				CLANG_CXX_LIBRARY = "libc++";
				CLANG_ENABLE_MODULES = YES;
				CLANG_ENABLE_OBJC_ARC = YES;
				CLANG_ENABLE_OBJC_WEAK = YES;
				CLANG_WARN_BLOCK_CAPTURE_AUTORELEASING = YES;
				CLANG_WARN_BOOL_CONVERSION = YES;
				CLANG_WARN_COMMA = YES;
				CLANG_WARN_CONSTANT_CONVERSION = YES;
				CLANG_WARN_DEPRECATED_OBJC_IMPLEMENTATIONS = YES;
				CLANG_WARN_DIRECT_OBJC_ISA_USAGE = YES_ERROR;
				CLANG_WARN_DOCUMENTATION_COMMENTS = YES;
				CLANG_WARN_EMPTY_BODY = YES;
				CLANG_WARN_ENUM_CONVERSION = YES;
				CLANG_WARN_INFINITE_RECURSION = YES;
				CLANG_WARN_INT_CONVERSION = YES;
				CLANG_WARN_NON_LITERAL_NULL_CONVERSION = YES;
				CLANG_WARN_OBJC_IMPLICIT_RETAIN_SELF = YES;
				CLANG_WARN_OBJC_LITERAL_CONVERSION = YES;
				CLANG_WARN_OBJC_ROOT_CLASS = YES_ERROR;
				CLANG_WARN_RANGE_LOOP_ANALYSIS = YES;
				CLANG_WARN_STRICT_PROTOTYPES = YES;
				CLANG_WARN_SUSPICIOUS_MOVE = YES;
				CLANG_WARN_UNGUARDED_AVAILABILITY = YES_AGGRESSIVE;
				CLANG_WARN_UNREACHABLE_CODE = YES;
				CLANG_WARN__DUPLICATE_METHOD_MATCH = YES;
				CODE_SIGN_IDENTITY = "iPhone Developer";
				COPY_PHASE_STRIP = NO;
				DEBUG_INFORMATION_FORMAT = dwarf;
				ENABLE_STRICT_OBJC_MSGSEND = YES;
				ENABLE_TESTABILITY = YES;
				GCC_C_LANGUAGE_STANDARD = gnu11;
				GCC_DYNAMIC_NO_PIC = NO;
				GCC_NO_COMMON_BLOCKS = YES;
				GCC_OPTIMIZATION_LEVEL = 0;
				GCC_PREPROCESSOR_DEFINITIONS = (
					"DEBUG=1",
					"$(inherited)",
				);
				GCC_WARN_64_TO_32_BIT_CONVERSION = YES;
				GCC_WARN_ABOUT_RETURN_TYPE = YES_ERROR;
				GCC_WARN_UNDECLARED_SELECTOR = YES;
				GCC_WARN_UNINITIALIZED_AUTOS = YES_AGGRESSIVE;
				GCC_WARN_UNUSED_FUNCTION = YES;
				GCC_WARN_UNUSED_VARIABLE = YES;
				IPHONEOS_DEPLOYMENT_TARGET = 11.3;
				MTL_ENABLE_DEBUG_INFO = YES;
				ONLY_ACTIVE_ARCH = YES;
				SDKROOT = iphoneos;
			};
			name = Debug;
		};
		6AF83E16208A7A31005CA323 /* Release */ = {
			isa = XCBuildConfiguration;
			buildSettings = {
				ALWAYS_SEARCH_USER_PATHS = NO;
				CLANG_ANALYZER_NONNULL = YES;
				CLANG_ANALYZER_NUMBER_OBJECT_CONVERSION = YES_AGGRESSIVE;
				CLANG_CXX_LANGUAGE_STANDARD = "gnu++14";
				CLANG_CXX_LIBRARY = "libc++";
				CLANG_ENABLE_MODULES = YES;
				CLANG_ENABLE_OBJC_ARC = YES;
				CLANG_ENABLE_OBJC_WEAK = YES;
				CLANG_WARN_BLOCK_CAPTURE_AUTORELEASING = YES;
				CLANG_WARN_BOOL_CONVERSION = YES;
				CLANG_WARN_COMMA = YES;
				CLANG_WARN_CONSTANT_CONVERSION = YES;
				CLANG_WARN_DEPRECATED_OBJC_IMPLEMENTATIONS = YES;
				CLANG_WARN_DIRECT_OBJC_ISA_USAGE = YES_ERROR;
				CLANG_WARN_DOCUMENTATION_COMMENTS = YES;
				CLANG_WARN_EMPTY_BODY = YES;
				CLANG_WARN_ENUM_CONVERSION = YES;
				CLANG_WARN_INFINITE_RECURSION = YES;
				CLANG_WARN_INT_CONVERSION = YES;
				CLANG_WARN_NON_LITERAL_NULL_CONVERSION = YES;
				CLANG_WARN_OBJC_IMPLICIT_RETAIN_SELF = YES;
				CLANG_WARN_OBJC_LITERAL_CONVERSION = YES;
				CLANG_WARN_OBJC_ROOT_CLASS = YES_ERROR;
				CLANG_WARN_RANGE_LOOP_ANALYSIS = YES;
				CLANG_WARN_STRICT_PROTOTYPES = YES;
				CLANG_WARN_SUSPICIOUS_MOVE = YES;
				CLANG_WARN_UNGUARDED_AVAILABILITY = YES_AGGRESSIVE;
				CLANG_WARN_UNREACHABLE_CODE = YES;
				CLANG_WARN__DUPLICATE_METHOD_MATCH = YES;
				CODE_SIGN_IDENTITY = "iPhone Developer";
				COPY_PHASE_STRIP = NO;
				DEBUG_INFORMATION_FORMAT = "dwarf-with-dsym";
				ENABLE_NS_ASSERTIONS = NO;
				ENABLE_STRICT_OBJC_MSGSEND = YES;
				GCC_C_LANGUAGE_STANDARD = gnu11;
				GCC_NO_COMMON_BLOCKS = YES;
				GCC_WARN_64_TO_32_BIT_CONVERSION = YES;
				GCC_WARN_ABOUT_RETURN_TYPE = YES_ERROR;
				GCC_WARN_UNDECLARED_SELECTOR = YES;
				GCC_WARN_UNINITIALIZED_AUTOS = YES_AGGRESSIVE;
				GCC_WARN_UNUSED_FUNCTION = YES;
				GCC_WARN_UNUSED_VARIABLE = YES;
				IPHONEOS_DEPLOYMENT_TARGET = 11.3;
				MTL_ENABLE_DEBUG_INFO = NO;
				SDKROOT = iphoneos;
				VALIDATE_PRODUCT = YES;
			};
			name = Release;
		};
		6AF83E18208A7A31005CA323 /* Debug */ = {
			isa = XCBuildConfiguration;
			baseConfigurationReference = EC835EE295D65B4E51036A1B /* Pods-SimiCalc.debug.xcconfig */;
			buildSettings = {
				ASSETCATALOG_COMPILER_APPICON_NAME = AppIcon;
				CODE_SIGN_STYLE = Automatic;
				DEVELOPMENT_TEAM = N43KYHR3HM;
				FRAMEWORK_SEARCH_PATHS = (
					"${J2OBJC_HOME}/frameworks",
					"$(PROJECT_DIR)",
					"$(PROJECT_DIR)/SimiCalc",
				);
				HEADER_SEARCH_PATHS = (
					"$(inherited)",
					"\"${PODS_ROOT}/Headers/Public\"",
					$SOURCE_ROOT/include,
					"\"${PODS_ROOT}/Headers/Public/AFNetworking\"",
					"/Users/gordanglavas/Desktop/github/simi-ios/SimiLib/iOSSimi/**",
				);
				INFOPLIST_FILE = SimiCalc/Info.plist;
				J2OBJC_HOME = "/Users/gordanglavas/Downloads/j2objc-2.1/dist";
				LD_RUNPATH_SEARCH_PATHS = (
					"$(inherited)",
					"@executable_path/Frameworks",
				);
				LIBRARY_SEARCH_PATHS = (
					"${J2OBJC_HOME}/lib",
					"$(inherited)",
					"$(PROJECT_DIR)/SimiCalc",
				);
				OTHER_LDFLAGS = (
					"-ljre_emul",
					"-l\"iconv\"",
					"-l\"AFNetworking\"",
				);
				PRODUCT_BUNDLE_IDENTIFIER = net.globulus.SimiCalc;
				PRODUCT_NAME = "$(TARGET_NAME)";
				TARGETED_DEVICE_FAMILY = "1,2";
				USER_HEADER_SEARCH_PATHS = (
					"${J2OBJC_HOME}/include",
					"$(CONFIGURATION_BUILD_DIR)/**",
					"$(PROJECT_DIR)/../**",
				);
			};
			name = Debug;
		};
		6AF83E19208A7A31005CA323 /* Release */ = {
			isa = XCBuildConfiguration;
			baseConfigurationReference = 8C4CFA0DC5E3706D640DFE65 /* Pods-SimiCalc.release.xcconfig */;
			buildSettings = {
				ASSETCATALOG_COMPILER_APPICON_NAME = AppIcon;
				CODE_SIGN_STYLE = Automatic;
				DEVELOPMENT_TEAM = N43KYHR3HM;
				FRAMEWORK_SEARCH_PATHS = (
					"${J2OBJC_HOME}/frameworks",
					"$(PROJECT_DIR)",
					"$(PROJECT_DIR)/SimiCalc",
				);
				HEADER_SEARCH_PATHS = (
					"$(inherited)",
					"\"${PODS_ROOT}/Headers/Public\"",
					$SOURCE_ROOT/include,
					"\"${PODS_ROOT}/Headers/Public/AFNetworking\"",
					"/Users/gordanglavas/Desktop/github/simi-ios/SimiLib/iOSSimi/**",
				);
				INFOPLIST_FILE = SimiCalc/Info.plist;
				J2OBJC_HOME = "/Users/gordanglavas/Downloads/j2objc-2.1/dist";
				LD_RUNPATH_SEARCH_PATHS = (
					"$(inherited)",
					"@executable_path/Frameworks",
				);
				LIBRARY_SEARCH_PATHS = (
					"${J2OBJC_HOME}/lib",
					"$(inherited)",
					"$(PROJECT_DIR)/SimiCalc",
				);
				OTHER_LDFLAGS = (
					"-ljre_emul",
					"-l\"iconv\"",
					"-l\"AFNetworking\"",
				);
				PRODUCT_BUNDLE_IDENTIFIER = net.globulus.SimiCalc;
				PRODUCT_NAME = "$(TARGET_NAME)";
				TARGETED_DEVICE_FAMILY = "1,2";
				USER_HEADER_SEARCH_PATHS = (
					"${J2OBJC_HOME}/include",
					"$(CONFIGURATION_BUILD_DIR)/**",
					"$(PROJECT_DIR)/../**",
				);
			};
			name = Release;
		};
/* End XCBuildConfiguration section */

/* Begin XCConfigurationList section */
		6AF83DFC208A7A30005CA323 /* Build configuration list for PBXProject "SimiCalc" */ = {
			isa = XCConfigurationList;
			buildConfigurations = (
				6AF83E15208A7A31005CA323 /* Debug */,
				6AF83E16208A7A31005CA323 /* Release */,
			);
			defaultConfigurationIsVisible = 0;
			defaultConfigurationName = Release;
		};
		6AF83E17208A7A31005CA323 /* Build configuration list for PBXNativeTarget "SimiCalc" */ = {
			isa = XCConfigurationList;
			buildConfigurations = (
				6AF83E18208A7A31005CA323 /* Debug */,
				6AF83E19208A7A31005CA323 /* Release */,
			);
			defaultConfigurationIsVisible = 0;
			defaultConfigurationName = Release;
		};
/* End XCConfigurationList section */
	};
	rootObject = 6AF83DF9208A7A30005CA323 /* Project object */;
}
