// !$*UTF8*$!
{
	archiveVersion = 1;
	classes = {
	};
	objectVersion = 50;
	objects = {

/* Begin PBXBuildFile section */
		6A000D56208E026200F8BF0A /* json.simi in Resources */ = {isa = PBXBuildFile; fileRef = 6A000D54208E026200F8BF0A /* json.simi */; };
		6A000D57208E026200F8BF0A /* RedditStats.simi in Resources */ = {isa = PBXBuildFile; fileRef = 6A000D55208E026200F8BF0A /* RedditStats.simi */; };
		6A2252CA208F3D0C0079A0AA /* ConversionUtil.m in Sources */ = {isa = PBXBuildFile; fileRef = 6A2252C9208F3D0C0079A0AA /* ConversionUtil.m */; };
		6A3B3C4220D18BBB000BFE7D /* Scanner.m in Sources */ = {isa = PBXBuildFile; fileRef = 6A3B3BDE20D18BBB000BFE7D /* Scanner.m */; };
		6A3B3C4320D18BBB000BFE7D /* BlockInterpreter.m in Sources */ = {isa = PBXBuildFile; fileRef = 6A3B3BE120D18BBB000BFE7D /* BlockInterpreter.m */; };
		6A3B3C4420D18BBB000BFE7D /* Constants.m in Sources */ = {isa = PBXBuildFile; fileRef = 6A3B3BE220D18BBB000BFE7D /* Constants.m */; };
		6A3B3C4520D18BBB000BFE7D /* SimiEnvironment.m in Sources */ = {isa = PBXBuildFile; fileRef = 6A3B3BE320D18BBB000BFE7D /* SimiEnvironment.m */; };
		6A3B3C4620D18BBB000BFE7D /* SimiMapper.m in Sources */ = {isa = PBXBuildFile; fileRef = 6A3B3BE520D18BBB000BFE7D /* SimiMapper.m */; };
		6A3B3C4720D18BBB000BFE7D /* SimiJavaClass.m in Sources */ = {isa = PBXBuildFile; fileRef = 6A3B3BE620D18BBB000BFE7D /* SimiJavaClass.m */; };
		6A3B3C4820D18BBB000BFE7D /* SimiMethod.m in Sources */ = {isa = PBXBuildFile; fileRef = 6A3B3BE720D18BBB000BFE7D /* SimiMethod.m */; };
		6A3B3C4920D18BBB000BFE7D /* TokenType.m in Sources */ = {isa = PBXBuildFile; fileRef = 6A3B3BE820D18BBB000BFE7D /* TokenType.m */; };
		6A3B3C4A20D18BBB000BFE7D /* NativeModulesManager.m in Sources */ = {isa = PBXBuildFile; fileRef = 6A3B3BE920D18BBB000BFE7D /* NativeModulesManager.m */; };
		6A3B3C4B20D18BBB000BFE7D /* Pass.m in Sources */ = {isa = PBXBuildFile; fileRef = 6A3B3BEA20D18BBB000BFE7D /* Pass.m */; };
		6A3B3C4C20D18BBB000BFE7D /* SimiClass.m in Sources */ = {isa = PBXBuildFile; fileRef = 6A3B3BEB20D18BBB000BFE7D /* SimiClass.m */; };
		6A3B3C4D20D18BBB000BFE7D /* SimiBlock.m in Sources */ = {isa = PBXBuildFile; fileRef = 6A3B3BEC20D18BBB000BFE7D /* SimiBlock.m */; };
		6A3B3C4E20D18BBB000BFE7D /* SparseArray.m in Sources */ = {isa = PBXBuildFile; fileRef = 6A3B3BED20D18BBB000BFE7D /* SparseArray.m */; };
		6A3B3C4F20D18BBB000BFE7D /* Resolver.m in Sources */ = {isa = PBXBuildFile; fileRef = 6A3B3BEE20D18BBB000BFE7D /* Resolver.m */; };
		6A3B3C5020D18BBB000BFE7D /* Stmt.m in Sources */ = {isa = PBXBuildFile; fileRef = 6A3B3BEF20D18BBB000BFE7D /* Stmt.m */; };
		6A3B3C5120D18BBB000BFE7D /* SimiNativeObject.m in Sources */ = {isa = PBXBuildFile; fileRef = 6A3B3BF420D18BBB000BFE7D /* SimiNativeObject.m */; };
		6A3B3C5220D18BBB000BFE7D /* OverloadableFunction.m in Sources */ = {isa = PBXBuildFile; fileRef = 6A3B3BF520D18BBB000BFE7D /* OverloadableFunction.m */; };
		6A3B3C5320D18BBB000BFE7D /* SimiCallable.m in Sources */ = {isa = PBXBuildFile; fileRef = 6A3B3BF720D18BBB000BFE7D /* SimiCallable.m */; };
		6A3B3C5420D18BBB000BFE7D /* SimiJavaGlobal.m in Sources */ = {isa = PBXBuildFile; fileRef = 6A3B3BF820D18BBB000BFE7D /* SimiJavaGlobal.m */; };
		6A3B3C5520D18BBB000BFE7D /* SimiException.m in Sources */ = {isa = PBXBuildFile; fileRef = 6A3B3BF920D18BBB000BFE7D /* SimiException.m */; };
		6A3B3C5620D18BBB000BFE7D /* Continue.m in Sources */ = {isa = PBXBuildFile; fileRef = 6A3B3BFB20D18BBB000BFE7D /* Continue.m */; };
		6A3B3C5720D18BBB000BFE7D /* SimiNativeClass.m in Sources */ = {isa = PBXBuildFile; fileRef = 6A3B3BFC20D18BBB000BFE7D /* SimiNativeClass.m */; };
		6A3B3C5820D18BBB000BFE7D /* Break.m in Sources */ = {isa = PBXBuildFile; fileRef = 6A3B3BFE20D18BBB000BFE7D /* Break.m */; };
		6A3B3C5920D18BBB000BFE7D /* Token.m in Sources */ = {isa = PBXBuildFile; fileRef = 6A3B3C0020D18BBB000BFE7D /* Token.m */; };
		6A3B3C5A20D18BBB000BFE7D /* SimiJavaMethod.m in Sources */ = {isa = PBXBuildFile; fileRef = 6A3B3C0120D18BBB000BFE7D /* SimiJavaMethod.m */; };
		6A3B3C5B20D18BBB000BFE7D /* Simi.m in Sources */ = {isa = PBXBuildFile; fileRef = 6A3B3C0620D18BBB000BFE7D /* Simi.m */; };
		6A3B3C5C20D18BBC000BFE7D /* BlockImpl.m in Sources */ = {isa = PBXBuildFile; fileRef = 6A3B3C0D20D18BBB000BFE7D /* BlockImpl.m */; };
		6A3B3C5D20D18BBC000BFE7D /* GenerateAst.m in Sources */ = {isa = PBXBuildFile; fileRef = 6A3B3C0E20D18BBB000BFE7D /* GenerateAst.m */; };
		6A3B3C5E20D18BBC000BFE7D /* SimiApiClass.m in Sources */ = {isa = PBXBuildFile; fileRef = 6A3B3C1120D18BBB000BFE7D /* SimiApiClass.m */; };
		6A3B3C5F20D18BBC000BFE7D /* Codifiable.m in Sources */ = {isa = PBXBuildFile; fileRef = 6A3B3C1520D18BBB000BFE7D /* Codifiable.m */; };
		6A3B3C6020D18BBC000BFE7D /* SimiClassImpl.m in Sources */ = {isa = PBXBuildFile; fileRef = 6A3B3C1620D18BBB000BFE7D /* SimiClassImpl.m */; };
		6A3B3C6120D18BBC000BFE7D /* SimiObject.m in Sources */ = {isa = PBXBuildFile; fileRef = 6A3B3C2120D18BBB000BFE7D /* SimiObject.m */; };
		6A3B3C6220D18BBC000BFE7D /* SimiObjectImpl.m in Sources */ = {isa = PBXBuildFile; fileRef = 6A3B3C2420D18BBB000BFE7D /* SimiObjectImpl.m */; };
		6A3B3C6320D18BBC000BFE7D /* BaseClassesNativeImpl.m in Sources */ = {isa = PBXBuildFile; fileRef = 6A3B3C2520D18BBB000BFE7D /* BaseClassesNativeImpl.m */; };
		6A3B3C6420D18BBC000BFE7D /* Interpreter.m in Sources */ = {isa = PBXBuildFile; fileRef = 6A3B3C2820D18BBB000BFE7D /* Interpreter.m */; };
		6A3B3C6520D18BBC000BFE7D /* ErrorHub.m in Sources */ = {isa = PBXBuildFile; fileRef = 6A3B3C2E20D18BBB000BFE7D /* ErrorHub.m */; };
		6A3B3C6620D18BBC000BFE7D /* SimiFunction.m in Sources */ = {isa = PBXBuildFile; fileRef = 6A3B3C3020D18BBB000BFE7D /* SimiFunction.m */; };
		6A3B3C6720D18BBC000BFE7D /* ErrorWatcher.m in Sources */ = {isa = PBXBuildFile; fileRef = 6A3B3C3120D18BBB000BFE7D /* ErrorWatcher.m */; };
		6A3B3C6820D18BBC000BFE7D /* SimiPropertyImpl.m in Sources */ = {isa = PBXBuildFile; fileRef = 6A3B3C3220D18BBB000BFE7D /* SimiPropertyImpl.m */; };
		6A3B3C6920D18BBC000BFE7D /* Parser.m in Sources */ = {isa = PBXBuildFile; fileRef = 6A3B3C3320D18BBB000BFE7D /* Parser.m */; };
		6A3B3C6A20D18BBC000BFE7D /* Environment.m in Sources */ = {isa = PBXBuildFile; fileRef = 6A3B3C3520D18BBB000BFE7D /* Environment.m */; };
		6A3B3C6B20D18BBC000BFE7D /* Yield.m in Sources */ = {isa = PBXBuildFile; fileRef = 6A3B3C3820D18BBB000BFE7D /* Yield.m */; };
		6A3B3C6C20D18BBC000BFE7D /* SimiValue.m in Sources */ = {isa = PBXBuildFile; fileRef = 6A3B3C3920D18BBB000BFE7D /* SimiValue.m */; };
		6A3B3C6D20D18BBC000BFE7D /* Expr.m in Sources */ = {isa = PBXBuildFile; fileRef = 6A3B3C3A20D18BBB000BFE7D /* Expr.m */; };
		6A3B3C6E20D18BBC000BFE7D /* ActiveSimi.m in Sources */ = {isa = PBXBuildFile; fileRef = 6A3B3C3B20D18BBB000BFE7D /* ActiveSimi.m */; };
		6A3B3C6F20D18BBC000BFE7D /* TempNull.m in Sources */ = {isa = PBXBuildFile; fileRef = 6A3B3C3C20D18BBB000BFE7D /* TempNull.m */; };
		6A3B3C7020D18BBC000BFE7D /* RuntimeError.m in Sources */ = {isa = PBXBuildFile; fileRef = 6A3B3C3E20D18BBB000BFE7D /* RuntimeError.m */; };
		6A3B3C7120D18BBC000BFE7D /* SimiStatement.m in Sources */ = {isa = PBXBuildFile; fileRef = 6A3B3C3F20D18BBB000BFE7D /* SimiStatement.m */; };
		6A3B3C7220D18BBC000BFE7D /* SimiProperty.m in Sources */ = {isa = PBXBuildFile; fileRef = 6A3B3C4020D18BBB000BFE7D /* SimiProperty.m */; };
		6A3B3C7320D18BBC000BFE7D /* Return.m in Sources */ = {isa = PBXBuildFile; fileRef = 6A3B3C4120D18BBB000BFE7D /* Return.m */; };
		6A486B92208BDF61000398A6 /* Stdlib.simi in Resources */ = {isa = PBXBuildFile; fileRef = 6A486B8C208BDF61000398A6 /* Stdlib.simi */; };
		6A486B96208C652A000398A6 /* Calc.simi in Resources */ = {isa = PBXBuildFile; fileRef = 6A486B95208C652A000398A6 /* Calc.simi */; };
		6AB5686C208F766000103ABF /* Stdlib-java.jar in Frameworks */ = {isa = PBXBuildFile; fileRef = 6AB5686A208F752000103ABF /* Stdlib-java.jar */; };
		6AC5E5ED208F42200053C4FE /* IOSObjectArray+Simi.m in Sources */ = {isa = PBXBuildFile; fileRef = 6AC5E5EC208F42200053C4FE /* IOSObjectArray+Simi.m */; };
		6AF83E06208A7A30005CA323 /* AppDelegate.m in Sources */ = {isa = PBXBuildFile; fileRef = 6AF83E05208A7A30005CA323 /* AppDelegate.m */; };
		6AF83E09208A7A30005CA323 /* ViewController.m in Sources */ = {isa = PBXBuildFile; fileRef = 6AF83E08208A7A30005CA323 /* ViewController.m */; };
		6AF83E0C208A7A30005CA323 /* Main.storyboard in Resources */ = {isa = PBXBuildFile; fileRef = 6AF83E0A208A7A30005CA323 /* Main.storyboard */; };
		6AF83E0E208A7A31005CA323 /* Assets.xcassets in Resources */ = {isa = PBXBuildFile; fileRef = 6AF83E0D208A7A31005CA323 /* Assets.xcassets */; };
		6AF83E11208A7A31005CA323 /* LaunchScreen.storyboard in Resources */ = {isa = PBXBuildFile; fileRef = 6AF83E0F208A7A31005CA323 /* LaunchScreen.storyboard */; };
		6AF83E14208A7A31005CA323 /* main.m in Sources */ = {isa = PBXBuildFile; fileRef = 6AF83E13208A7A31005CA323 /* main.m */; };
		9DC4C65CB7D7C83ACED6611C /* libPods-SimiCalc.a in Frameworks */ = {isa = PBXBuildFile; fileRef = 9F1B2F8A1D06BA8A691E6A64 /* libPods-SimiCalc.a */; };
/* End PBXBuildFile section */

/* Begin PBXBuildRule section */
		6AE09901208A915600A23D75 /* PBXBuildRule */ = {
			isa = PBXBuildRule;
			compilerSpec = com.apple.compilers.proxy.script;
			fileType = sourcecode.java;
			isEditable = 1;
			outputFiles = (
				"${DERIVED_FILES_DIR}/${INPUT_FILE_BASE}.h",
				"${DERIVED_FILES_DIR}/${INPUT_FILE_BASE}.m",
			);
			script = "if [ ! -f \"${J2OBJC_HOME}/j2objc\" ]; then echo \"J2OBJC_HOME is not correctly defined, currently set to '${J2OBJC_HOME}'\"; exit 1; fi;\n\"${J2OBJC_HOME}/j2objc\" -d ${DERIVED_FILES_DIR} -sourcepath \"${PROJECT_DIR}/Simi/src\" --no-package-directories -g ${INPUT_FILE_PATH};";
		};
/* End PBXBuildRule section */

/* Begin PBXFileReference section */
		6A000D52208E010A00F8BF0A /* Security.framework */ = {isa = PBXFileReference; lastKnownFileType = wrapper.framework; name = Security.framework; path = System/Library/Frameworks/Security.framework; sourceTree = SDKROOT; };
		6A000D54208E026200F8BF0A /* json.simi */ = {isa = PBXFileReference; fileEncoding = 4; lastKnownFileType = text; name = json.simi; path = Simi/json.simi; sourceTree = "<group>"; };
		6A000D55208E026200F8BF0A /* RedditStats.simi */ = {isa = PBXFileReference; fileEncoding = 4; lastKnownFileType = text; name = RedditStats.simi; path = Simi/RedditStats.simi; sourceTree = "<group>"; };
		6A2252C8208F3D0C0079A0AA /* ConversionUtil.h */ = {isa = PBXFileReference; lastKnownFileType = sourcecode.c.h; path = ConversionUtil.h; sourceTree = "<group>"; };
		6A2252C9208F3D0C0079A0AA /* ConversionUtil.m */ = {isa = PBXFileReference; lastKnownFileType = sourcecode.c.objc; path = ConversionUtil.m; sourceTree = "<group>"; };
		6A3B3BDE20D18BBB000BFE7D /* Scanner.m */ = {isa = PBXFileReference; fileEncoding = 4; lastKnownFileType = sourcecode.c.objc; path = Scanner.m; sourceTree = "<group>"; };
		6A3B3BDF20D18BBB000BFE7D /* SimiClassImpl.h */ = {isa = PBXFileReference; fileEncoding = 4; lastKnownFileType = sourcecode.c.h; path = SimiClassImpl.h; sourceTree = "<group>"; };
		6A3B3BE020D18BBB000BFE7D /* Codifiable.h */ = {isa = PBXFileReference; fileEncoding = 4; lastKnownFileType = sourcecode.c.h; path = Codifiable.h; sourceTree = "<group>"; };
		6A3B3BE120D18BBB000BFE7D /* BlockInterpreter.m */ = {isa = PBXFileReference; fileEncoding = 4; lastKnownFileType = sourcecode.c.objc; path = BlockInterpreter.m; sourceTree = "<group>"; };
		6A3B3BE220D18BBB000BFE7D /* Constants.m */ = {isa = PBXFileReference; fileEncoding = 4; lastKnownFileType = sourcecode.c.objc; path = Constants.m; sourceTree = "<group>"; };
		6A3B3BE320D18BBB000BFE7D /* SimiEnvironment.m */ = {isa = PBXFileReference; fileEncoding = 4; lastKnownFileType = sourcecode.c.objc; path = SimiEnvironment.m; sourceTree = "<group>"; };
		6A3B3BE420D18BBB000BFE7D /* SimiApiClass.h */ = {isa = PBXFileReference; fileEncoding = 4; lastKnownFileType = sourcecode.c.h; path = SimiApiClass.h; sourceTree = "<group>"; };
		6A3B3BE520D18BBB000BFE7D /* SimiMapper.m */ = {isa = PBXFileReference; fileEncoding = 4; lastKnownFileType = sourcecode.c.objc; path = SimiMapper.m; sourceTree = "<group>"; };
		6A3B3BE620D18BBB000BFE7D /* SimiJavaClass.m */ = {isa = PBXFileReference; fileEncoding = 4; lastKnownFileType = sourcecode.c.objc; path = SimiJavaClass.m; sourceTree = "<group>"; };
		6A3B3BE720D18BBB000BFE7D /* SimiMethod.m */ = {isa = PBXFileReference; fileEncoding = 4; lastKnownFileType = sourcecode.c.objc; path = SimiMethod.m; sourceTree = "<group>"; };
		6A3B3BE820D18BBB000BFE7D /* TokenType.m */ = {isa = PBXFileReference; fileEncoding = 4; lastKnownFileType = sourcecode.c.objc; path = TokenType.m; sourceTree = "<group>"; };
		6A3B3BE920D18BBB000BFE7D /* NativeModulesManager.m */ = {isa = PBXFileReference; fileEncoding = 4; lastKnownFileType = sourcecode.c.objc; path = NativeModulesManager.m; sourceTree = "<group>"; };
		6A3B3BEA20D18BBB000BFE7D /* Pass.m */ = {isa = PBXFileReference; fileEncoding = 4; lastKnownFileType = sourcecode.c.objc; path = Pass.m; sourceTree = "<group>"; };
		6A3B3BEB20D18BBB000BFE7D /* SimiClass.m */ = {isa = PBXFileReference; fileEncoding = 4; lastKnownFileType = sourcecode.c.objc; path = SimiClass.m; sourceTree = "<group>"; };
		6A3B3BEC20D18BBB000BFE7D /* SimiBlock.m */ = {isa = PBXFileReference; fileEncoding = 4; lastKnownFileType = sourcecode.c.objc; path = SimiBlock.m; sourceTree = "<group>"; };
		6A3B3BED20D18BBB000BFE7D /* SparseArray.m */ = {isa = PBXFileReference; fileEncoding = 4; lastKnownFileType = sourcecode.c.objc; path = SparseArray.m; sourceTree = "<group>"; };
		6A3B3BEE20D18BBB000BFE7D /* Resolver.m */ = {isa = PBXFileReference; fileEncoding = 4; lastKnownFileType = sourcecode.c.objc; path = Resolver.m; sourceTree = "<group>"; };
		6A3B3BEF20D18BBB000BFE7D /* Stmt.m */ = {isa = PBXFileReference; fileEncoding = 4; lastKnownFileType = sourcecode.c.objc; path = Stmt.m; sourceTree = "<group>"; };
		6A3B3BF020D18BBB000BFE7D /* SimiPropertyImpl.h */ = {isa = PBXFileReference; fileEncoding = 4; lastKnownFileType = sourcecode.c.h; path = SimiPropertyImpl.h; sourceTree = "<group>"; };
		6A3B3BF120D18BBB000BFE7D /* Parser.h */ = {isa = PBXFileReference; fileEncoding = 4; lastKnownFileType = sourcecode.c.h; path = Parser.h; sourceTree = "<group>"; };
		6A3B3BF220D18BBB000BFE7D /* SimiFunction.h */ = {isa = PBXFileReference; fileEncoding = 4; lastKnownFileType = sourcecode.c.h; path = SimiFunction.h; sourceTree = "<group>"; };
		6A3B3BF320D18BBB000BFE7D /* ErrorWatcher.h */ = {isa = PBXFileReference; fileEncoding = 4; lastKnownFileType = sourcecode.c.h; path = ErrorWatcher.h; sourceTree = "<group>"; };
		6A3B3BF420D18BBB000BFE7D /* SimiNativeObject.m */ = {isa = PBXFileReference; fileEncoding = 4; lastKnownFileType = sourcecode.c.objc; path = SimiNativeObject.m; sourceTree = "<group>"; };
		6A3B3BF520D18BBB000BFE7D /* OverloadableFunction.m */ = {isa = PBXFileReference; fileEncoding = 4; lastKnownFileType = sourcecode.c.objc; path = OverloadableFunction.m; sourceTree = "<group>"; };
		6A3B3BF620D18BBB000BFE7D /* ErrorHub.h */ = {isa = PBXFileReference; fileEncoding = 4; lastKnownFileType = sourcecode.c.h; path = ErrorHub.h; sourceTree = "<group>"; };
		6A3B3BF720D18BBB000BFE7D /* SimiCallable.m */ = {isa = PBXFileReference; fileEncoding = 4; lastKnownFileType = sourcecode.c.objc; path = SimiCallable.m; sourceTree = "<group>"; };
		6A3B3BF820D18BBB000BFE7D /* SimiJavaGlobal.m */ = {isa = PBXFileReference; fileEncoding = 4; lastKnownFileType = sourcecode.c.objc; path = SimiJavaGlobal.m; sourceTree = "<group>"; };
		6A3B3BF920D18BBB000BFE7D /* SimiException.m */ = {isa = PBXFileReference; fileEncoding = 4; lastKnownFileType = sourcecode.c.objc; path = SimiException.m; sourceTree = "<group>"; };
		6A3B3BFA20D18BBB000BFE7D /* Interpreter.h */ = {isa = PBXFileReference; fileEncoding = 4; lastKnownFileType = sourcecode.c.h; path = Interpreter.h; sourceTree = "<group>"; };
		6A3B3BFB20D18BBB000BFE7D /* Continue.m */ = {isa = PBXFileReference; fileEncoding = 4; lastKnownFileType = sourcecode.c.objc; path = Continue.m; sourceTree = "<group>"; };
		6A3B3BFC20D18BBB000BFE7D /* SimiNativeClass.m */ = {isa = PBXFileReference; fileEncoding = 4; lastKnownFileType = sourcecode.c.objc; path = SimiNativeClass.m; sourceTree = "<group>"; };
		6A3B3BFD20D18BBB000BFE7D /* BaseClassesNativeImpl.h */ = {isa = PBXFileReference; fileEncoding = 4; lastKnownFileType = sourcecode.c.h; path = BaseClassesNativeImpl.h; sourceTree = "<group>"; };
		6A3B3BFE20D18BBB000BFE7D /* Break.m */ = {isa = PBXFileReference; fileEncoding = 4; lastKnownFileType = sourcecode.c.objc; path = Break.m; sourceTree = "<group>"; };
		6A3B3BFF20D18BBB000BFE7D /* SimiObjectImpl.h */ = {isa = PBXFileReference; fileEncoding = 4; lastKnownFileType = sourcecode.c.h; path = SimiObjectImpl.h; sourceTree = "<group>"; };
		6A3B3C0020D18BBB000BFE7D /* Token.m */ = {isa = PBXFileReference; fileEncoding = 4; lastKnownFileType = sourcecode.c.objc; path = Token.m; sourceTree = "<group>"; };
		6A3B3C0120D18BBB000BFE7D /* SimiJavaMethod.m */ = {isa = PBXFileReference; fileEncoding = 4; lastKnownFileType = sourcecode.c.objc; path = SimiJavaMethod.m; sourceTree = "<group>"; };
		6A3B3C0220D18BBB000BFE7D /* SimiObject.h */ = {isa = PBXFileReference; fileEncoding = 4; lastKnownFileType = sourcecode.c.h; path = SimiObject.h; sourceTree = "<group>"; };
		6A3B3C0320D18BBB000BFE7D /* Return.h */ = {isa = PBXFileReference; fileEncoding = 4; lastKnownFileType = sourcecode.c.h; path = Return.h; sourceTree = "<group>"; };
		6A3B3C0420D18BBB000BFE7D /* SimiStatement.h */ = {isa = PBXFileReference; fileEncoding = 4; lastKnownFileType = sourcecode.c.h; path = SimiStatement.h; sourceTree = "<group>"; };
		6A3B3C0520D18BBB000BFE7D /* RuntimeError.h */ = {isa = PBXFileReference; fileEncoding = 4; lastKnownFileType = sourcecode.c.h; path = RuntimeError.h; sourceTree = "<group>"; };
		6A3B3C0620D18BBB000BFE7D /* Simi.m */ = {isa = PBXFileReference; fileEncoding = 4; lastKnownFileType = sourcecode.c.objc; path = Simi.m; sourceTree = "<group>"; };
		6A3B3C0720D18BBB000BFE7D /* SimiProperty.h */ = {isa = PBXFileReference; fileEncoding = 4; lastKnownFileType = sourcecode.c.h; path = SimiProperty.h; sourceTree = "<group>"; };
		6A3B3C0820D18BBB000BFE7D /* TempNull.h */ = {isa = PBXFileReference; fileEncoding = 4; lastKnownFileType = sourcecode.c.h; path = TempNull.h; sourceTree = "<group>"; };
		6A3B3C0920D18BBB000BFE7D /* ActiveSimi.h */ = {isa = PBXFileReference; fileEncoding = 4; lastKnownFileType = sourcecode.c.h; path = ActiveSimi.h; sourceTree = "<group>"; };
		6A3B3C0A20D18BBB000BFE7D /* Expr.h */ = {isa = PBXFileReference; fileEncoding = 4; lastKnownFileType = sourcecode.c.h; path = Expr.h; sourceTree = "<group>"; };
		6A3B3C0B20D18BBB000BFE7D /* SimiValue.h */ = {isa = PBXFileReference; fileEncoding = 4; lastKnownFileType = sourcecode.c.h; path = SimiValue.h; sourceTree = "<group>"; };
		6A3B3C0C20D18BBB000BFE7D /* Yield.h */ = {isa = PBXFileReference; fileEncoding = 4; lastKnownFileType = sourcecode.c.h; path = Yield.h; sourceTree = "<group>"; };
		6A3B3C0D20D18BBB000BFE7D /* BlockImpl.m */ = {isa = PBXFileReference; fileEncoding = 4; lastKnownFileType = sourcecode.c.objc; path = BlockImpl.m; sourceTree = "<group>"; };
		6A3B3C0E20D18BBB000BFE7D /* GenerateAst.m */ = {isa = PBXFileReference; fileEncoding = 4; lastKnownFileType = sourcecode.c.objc; path = GenerateAst.m; sourceTree = "<group>"; };
		6A3B3C0F20D18BBB000BFE7D /* Environment.h */ = {isa = PBXFileReference; fileEncoding = 4; lastKnownFileType = sourcecode.c.h; path = Environment.h; sourceTree = "<group>"; };
		6A3B3C1020D18BBB000BFE7D /* SimiMapper.h */ = {isa = PBXFileReference; fileEncoding = 4; lastKnownFileType = sourcecode.c.h; path = SimiMapper.h; sourceTree = "<group>"; };
		6A3B3C1120D18BBB000BFE7D /* SimiApiClass.m */ = {isa = PBXFileReference; fileEncoding = 4; lastKnownFileType = sourcecode.c.objc; path = SimiApiClass.m; sourceTree = "<group>"; };
		6A3B3C1220D18BBB000BFE7D /* SimiEnvironment.h */ = {isa = PBXFileReference; fileEncoding = 4; lastKnownFileType = sourcecode.c.h; path = SimiEnvironment.h; sourceTree = "<group>"; };
		6A3B3C1320D18BBB000BFE7D /* Constants.h */ = {isa = PBXFileReference; fileEncoding = 4; lastKnownFileType = sourcecode.c.h; path = Constants.h; sourceTree = "<group>"; };
		6A3B3C1420D18BBB000BFE7D /* BlockInterpreter.h */ = {isa = PBXFileReference; fileEncoding = 4; lastKnownFileType = sourcecode.c.h; path = BlockInterpreter.h; sourceTree = "<group>"; };
		6A3B3C1520D18BBB000BFE7D /* Codifiable.m */ = {isa = PBXFileReference; fileEncoding = 4; lastKnownFileType = sourcecode.c.objc; path = Codifiable.m; sourceTree = "<group>"; };
		6A3B3C1620D18BBB000BFE7D /* SimiClassImpl.m */ = {isa = PBXFileReference; fileEncoding = 4; lastKnownFileType = sourcecode.c.objc; path = SimiClassImpl.m; sourceTree = "<group>"; };
		6A3B3C1720D18BBB000BFE7D /* Scanner.h */ = {isa = PBXFileReference; fileEncoding = 4; lastKnownFileType = sourcecode.c.h; path = Scanner.h; sourceTree = "<group>"; };
		6A3B3C1820D18BBB000BFE7D /* SparseArray.h */ = {isa = PBXFileReference; fileEncoding = 4; lastKnownFileType = sourcecode.c.h; path = SparseArray.h; sourceTree = "<group>"; };
		6A3B3C1920D18BBB000BFE7D /* Resolver.h */ = {isa = PBXFileReference; fileEncoding = 4; lastKnownFileType = sourcecode.c.h; path = Resolver.h; sourceTree = "<group>"; };
		6A3B3C1A20D18BBB000BFE7D /* SimiBlock.h */ = {isa = PBXFileReference; fileEncoding = 4; lastKnownFileType = sourcecode.c.h; path = SimiBlock.h; sourceTree = "<group>"; };
		6A3B3C1B20D18BBB000BFE7D /* Pass.h */ = {isa = PBXFileReference; fileEncoding = 4; lastKnownFileType = sourcecode.c.h; path = Pass.h; sourceTree = "<group>"; };
		6A3B3C1C20D18BBB000BFE7D /* SimiClass.h */ = {isa = PBXFileReference; fileEncoding = 4; lastKnownFileType = sourcecode.c.h; path = SimiClass.h; sourceTree = "<group>"; };
		6A3B3C1D20D18BBB000BFE7D /* TokenType.h */ = {isa = PBXFileReference; fileEncoding = 4; lastKnownFileType = sourcecode.c.h; path = TokenType.h; sourceTree = "<group>"; };
		6A3B3C1E20D18BBB000BFE7D /* NativeModulesManager.h */ = {isa = PBXFileReference; fileEncoding = 4; lastKnownFileType = sourcecode.c.h; path = NativeModulesManager.h; sourceTree = "<group>"; };
		6A3B3C1F20D18BBB000BFE7D /* SimiMethod.h */ = {isa = PBXFileReference; fileEncoding = 4; lastKnownFileType = sourcecode.c.h; path = SimiMethod.h; sourceTree = "<group>"; };
		6A3B3C2020D18BBB000BFE7D /* SimiJavaClass.h */ = {isa = PBXFileReference; fileEncoding = 4; lastKnownFileType = sourcecode.c.h; path = SimiJavaClass.h; sourceTree = "<group>"; };
		6A3B3C2120D18BBB000BFE7D /* SimiObject.m */ = {isa = PBXFileReference; fileEncoding = 4; lastKnownFileType = sourcecode.c.objc; path = SimiObject.m; sourceTree = "<group>"; };
		6A3B3C2220D18BBB000BFE7D /* SimiJavaMethod.h */ = {isa = PBXFileReference; fileEncoding = 4; lastKnownFileType = sourcecode.c.h; path = SimiJavaMethod.h; sourceTree = "<group>"; };
		6A3B3C2320D18BBB000BFE7D /* Token.h */ = {isa = PBXFileReference; fileEncoding = 4; lastKnownFileType = sourcecode.c.h; path = Token.h; sourceTree = "<group>"; };
		6A3B3C2420D18BBB000BFE7D /* SimiObjectImpl.m */ = {isa = PBXFileReference; fileEncoding = 4; lastKnownFileType = sourcecode.c.objc; path = SimiObjectImpl.m; sourceTree = "<group>"; };
		6A3B3C2520D18BBB000BFE7D /* BaseClassesNativeImpl.m */ = {isa = PBXFileReference; fileEncoding = 4; lastKnownFileType = sourcecode.c.objc; path = BaseClassesNativeImpl.m; sourceTree = "<group>"; };
		6A3B3C2620D18BBB000BFE7D /* Break.h */ = {isa = PBXFileReference; fileEncoding = 4; lastKnownFileType = sourcecode.c.h; path = Break.h; sourceTree = "<group>"; };
		6A3B3C2720D18BBB000BFE7D /* SimiNativeClass.h */ = {isa = PBXFileReference; fileEncoding = 4; lastKnownFileType = sourcecode.c.h; path = SimiNativeClass.h; sourceTree = "<group>"; };
		6A3B3C2820D18BBB000BFE7D /* Interpreter.m */ = {isa = PBXFileReference; fileEncoding = 4; lastKnownFileType = sourcecode.c.objc; path = Interpreter.m; sourceTree = "<group>"; };
		6A3B3C2920D18BBB000BFE7D /* Continue.h */ = {isa = PBXFileReference; fileEncoding = 4; lastKnownFileType = sourcecode.c.h; path = Continue.h; sourceTree = "<group>"; };
		6A3B3C2A20D18BBB000BFE7D /* SimiJavaGlobal.h */ = {isa = PBXFileReference; fileEncoding = 4; lastKnownFileType = sourcecode.c.h; path = SimiJavaGlobal.h; sourceTree = "<group>"; };
		6A3B3C2B20D18BBB000BFE7D /* SimiException.h */ = {isa = PBXFileReference; fileEncoding = 4; lastKnownFileType = sourcecode.c.h; path = SimiException.h; sourceTree = "<group>"; };
		6A3B3C2C20D18BBB000BFE7D /* SimiCallable.h */ = {isa = PBXFileReference; fileEncoding = 4; lastKnownFileType = sourcecode.c.h; path = SimiCallable.h; sourceTree = "<group>"; };
		6A3B3C2D20D18BBB000BFE7D /* OverloadableFunction.h */ = {isa = PBXFileReference; fileEncoding = 4; lastKnownFileType = sourcecode.c.h; path = OverloadableFunction.h; sourceTree = "<group>"; };
		6A3B3C2E20D18BBB000BFE7D /* ErrorHub.m */ = {isa = PBXFileReference; fileEncoding = 4; lastKnownFileType = sourcecode.c.objc; path = ErrorHub.m; sourceTree = "<group>"; };
		6A3B3C2F20D18BBB000BFE7D /* SimiNativeObject.h */ = {isa = PBXFileReference; fileEncoding = 4; lastKnownFileType = sourcecode.c.h; path = SimiNativeObject.h; sourceTree = "<group>"; };
		6A3B3C3020D18BBB000BFE7D /* SimiFunction.m */ = {isa = PBXFileReference; fileEncoding = 4; lastKnownFileType = sourcecode.c.objc; path = SimiFunction.m; sourceTree = "<group>"; };
		6A3B3C3120D18BBB000BFE7D /* ErrorWatcher.m */ = {isa = PBXFileReference; fileEncoding = 4; lastKnownFileType = sourcecode.c.objc; path = ErrorWatcher.m; sourceTree = "<group>"; };
		6A3B3C3220D18BBB000BFE7D /* SimiPropertyImpl.m */ = {isa = PBXFileReference; fileEncoding = 4; lastKnownFileType = sourcecode.c.objc; path = SimiPropertyImpl.m; sourceTree = "<group>"; };
		6A3B3C3320D18BBB000BFE7D /* Parser.m */ = {isa = PBXFileReference; fileEncoding = 4; lastKnownFileType = sourcecode.c.objc; path = Parser.m; sourceTree = "<group>"; };
		6A3B3C3420D18BBB000BFE7D /* Stmt.h */ = {isa = PBXFileReference; fileEncoding = 4; lastKnownFileType = sourcecode.c.h; path = Stmt.h; sourceTree = "<group>"; };
		6A3B3C3520D18BBB000BFE7D /* Environment.m */ = {isa = PBXFileReference; fileEncoding = 4; lastKnownFileType = sourcecode.c.objc; path = Environment.m; sourceTree = "<group>"; };
		6A3B3C3620D18BBB000BFE7D /* GenerateAst.h */ = {isa = PBXFileReference; fileEncoding = 4; lastKnownFileType = sourcecode.c.h; path = GenerateAst.h; sourceTree = "<group>"; };
		6A3B3C3720D18BBB000BFE7D /* BlockImpl.h */ = {isa = PBXFileReference; fileEncoding = 4; lastKnownFileType = sourcecode.c.h; path = BlockImpl.h; sourceTree = "<group>"; };
		6A3B3C3820D18BBB000BFE7D /* Yield.m */ = {isa = PBXFileReference; fileEncoding = 4; lastKnownFileType = sourcecode.c.objc; path = Yield.m; sourceTree = "<group>"; };
		6A3B3C3920D18BBB000BFE7D /* SimiValue.m */ = {isa = PBXFileReference; fileEncoding = 4; lastKnownFileType = sourcecode.c.objc; path = SimiValue.m; sourceTree = "<group>"; };
		6A3B3C3A20D18BBB000BFE7D /* Expr.m */ = {isa = PBXFileReference; fileEncoding = 4; lastKnownFileType = sourcecode.c.objc; path = Expr.m; sourceTree = "<group>"; };
		6A3B3C3B20D18BBB000BFE7D /* ActiveSimi.m */ = {isa = PBXFileReference; fileEncoding = 4; lastKnownFileType = sourcecode.c.objc; path = ActiveSimi.m; sourceTree = "<group>"; };
		6A3B3C3C20D18BBB000BFE7D /* TempNull.m */ = {isa = PBXFileReference; fileEncoding = 4; lastKnownFileType = sourcecode.c.objc; path = TempNull.m; sourceTree = "<group>"; };
		6A3B3C3D20D18BBB000BFE7D /* Simi.h */ = {isa = PBXFileReference; fileEncoding = 4; lastKnownFileType = sourcecode.c.h; path = Simi.h; sourceTree = "<group>"; };
		6A3B3C3E20D18BBB000BFE7D /* RuntimeError.m */ = {isa = PBXFileReference; fileEncoding = 4; lastKnownFileType = sourcecode.c.objc; path = RuntimeError.m; sourceTree = "<group>"; };
		6A3B3C3F20D18BBB000BFE7D /* SimiStatement.m */ = {isa = PBXFileReference; fileEncoding = 4; lastKnownFileType = sourcecode.c.objc; path = SimiStatement.m; sourceTree = "<group>"; };
		6A3B3C4020D18BBB000BFE7D /* SimiProperty.m */ = {isa = PBXFileReference; fileEncoding = 4; lastKnownFileType = sourcecode.c.objc; path = SimiProperty.m; sourceTree = "<group>"; };
		6A3B3C4120D18BBB000BFE7D /* Return.m */ = {isa = PBXFileReference; fileEncoding = 4; lastKnownFileType = sourcecode.c.objc; path = Return.m; sourceTree = "<group>"; };
		6A486B8C208BDF61000398A6 /* Stdlib.simi */ = {isa = PBXFileReference; fileEncoding = 4; lastKnownFileType = text; path = Stdlib.simi; sourceTree = "<group>"; };
		6A486B95208C652A000398A6 /* Calc.simi */ = {isa = PBXFileReference; fileEncoding = 4; lastKnownFileType = text; name = Calc.simi; path = Simi/Calc.simi; sourceTree = "<group>"; };
		6AB5686A208F752000103ABF /* Stdlib-java.jar */ = {isa = PBXFileReference; lastKnownFileType = archive.jar; path = "Stdlib-java.jar"; sourceTree = "<group>"; };
		6AC5E5EB208F42200053C4FE /* IOSObjectArray+Simi.h */ = {isa = PBXFileReference; lastKnownFileType = sourcecode.c.h; path = "IOSObjectArray+Simi.h"; sourceTree = "<group>"; };
		6AC5E5EC208F42200053C4FE /* IOSObjectArray+Simi.m */ = {isa = PBXFileReference; lastKnownFileType = sourcecode.c.objc; path = "IOSObjectArray+Simi.m"; sourceTree = "<group>"; };
		6AF83E01208A7A30005CA323 /* SimiCalc.app */ = {isa = PBXFileReference; explicitFileType = wrapper.application; includeInIndex = 0; path = SimiCalc.app; sourceTree = BUILT_PRODUCTS_DIR; };
		6AF83E04208A7A30005CA323 /* AppDelegate.h */ = {isa = PBXFileReference; lastKnownFileType = sourcecode.c.h; path = AppDelegate.h; sourceTree = "<group>"; };
		6AF83E05208A7A30005CA323 /* AppDelegate.m */ = {isa = PBXFileReference; lastKnownFileType = sourcecode.c.objc; path = AppDelegate.m; sourceTree = "<group>"; };
		6AF83E07208A7A30005CA323 /* ViewController.h */ = {isa = PBXFileReference; lastKnownFileType = sourcecode.c.h; path = ViewController.h; sourceTree = "<group>"; };
		6AF83E08208A7A30005CA323 /* ViewController.m */ = {isa = PBXFileReference; lastKnownFileType = sourcecode.c.objc; path = ViewController.m; sourceTree = "<group>"; };
		6AF83E0B208A7A30005CA323 /* Base */ = {isa = PBXFileReference; lastKnownFileType = file.storyboard; name = Base; path = Base.lproj/Main.storyboard; sourceTree = "<group>"; };
		6AF83E0D208A7A31005CA323 /* Assets.xcassets */ = {isa = PBXFileReference; lastKnownFileType = folder.assetcatalog; path = Assets.xcassets; sourceTree = "<group>"; };
		6AF83E10208A7A31005CA323 /* Base */ = {isa = PBXFileReference; lastKnownFileType = file.storyboard; name = Base; path = Base.lproj/LaunchScreen.storyboard; sourceTree = "<group>"; };
		6AF83E12208A7A31005CA323 /* Info.plist */ = {isa = PBXFileReference; lastKnownFileType = text.plist.xml; path = Info.plist; sourceTree = "<group>"; };
		6AF83E13208A7A31005CA323 /* main.m */ = {isa = PBXFileReference; lastKnownFileType = sourcecode.c.objc; path = main.m; sourceTree = "<group>"; };
		8C4CFA0DC5E3706D640DFE65 /* Pods-SimiCalc.release.xcconfig */ = {isa = PBXFileReference; includeInIndex = 1; lastKnownFileType = text.xcconfig; name = "Pods-SimiCalc.release.xcconfig"; path = "Pods/Target Support Files/Pods-SimiCalc/Pods-SimiCalc.release.xcconfig"; sourceTree = "<group>"; };
		9F1B2F8A1D06BA8A691E6A64 /* libPods-SimiCalc.a */ = {isa = PBXFileReference; explicitFileType = archive.ar; includeInIndex = 0; path = "libPods-SimiCalc.a"; sourceTree = BUILT_PRODUCTS_DIR; };
		EC835EE295D65B4E51036A1B /* Pods-SimiCalc.debug.xcconfig */ = {isa = PBXFileReference; includeInIndex = 1; lastKnownFileType = text.xcconfig; name = "Pods-SimiCalc.debug.xcconfig"; path = "Pods/Target Support Files/Pods-SimiCalc/Pods-SimiCalc.debug.xcconfig"; sourceTree = "<group>"; };
/* End PBXFileReference section */

/* Begin PBXFrameworksBuildPhase section */
		6AF83DFE208A7A30005CA323 /* Frameworks */ = {
			isa = PBXFrameworksBuildPhase;
			buildActionMask = 2147483647;
			files = (
				9DC4C65CB7D7C83ACED6611C /* libPods-SimiCalc.a in Frameworks */,
				6AB5686C208F766000103ABF /* Stdlib-java.jar in Frameworks */,
			);
			runOnlyForDeploymentPostprocessing = 0;
		};
/* End PBXFrameworksBuildPhase section */

/* Begin PBXGroup section */
		6A3B3BDB20D18BBB000BFE7D /* net */ = {
			isa = PBXGroup;
			children = (
				6A3B3BDC20D18BBB000BFE7D /* globulus */,
			);
			path = net;
			sourceTree = "<group>";
		};
		6A3B3BDC20D18BBB000BFE7D /* globulus */ = {
			isa = PBXGroup;
			children = (
				6A3B3BDD20D18BBB000BFE7D /* simi */,
			);
			path = globulus;
			sourceTree = "<group>";
		};
		6A3B3BDD20D18BBB000BFE7D /* simi */ = {
			isa = PBXGroup;
			children = (
				6A3B3BDE20D18BBB000BFE7D /* Scanner.m */,
				6A3B3BDF20D18BBB000BFE7D /* SimiClassImpl.h */,
				6A3B3BE020D18BBB000BFE7D /* Codifiable.h */,
				6A3B3BE120D18BBB000BFE7D /* BlockInterpreter.m */,
				6A3B3BE220D18BBB000BFE7D /* Constants.m */,
				6A3B3BE320D18BBB000BFE7D /* SimiEnvironment.m */,
				6A3B3BE420D18BBB000BFE7D /* SimiApiClass.h */,
				6A3B3BE520D18BBB000BFE7D /* SimiMapper.m */,
				6A3B3BE620D18BBB000BFE7D /* SimiJavaClass.m */,
				6A3B3BE720D18BBB000BFE7D /* SimiMethod.m */,
				6A3B3BE820D18BBB000BFE7D /* TokenType.m */,
				6A3B3BE920D18BBB000BFE7D /* NativeModulesManager.m */,
				6A3B3BEA20D18BBB000BFE7D /* Pass.m */,
				6A3B3BEB20D18BBB000BFE7D /* SimiClass.m */,
				6A3B3BEC20D18BBB000BFE7D /* SimiBlock.m */,
				6A3B3BED20D18BBB000BFE7D /* SparseArray.m */,
				6A3B3BEE20D18BBB000BFE7D /* Resolver.m */,
				6A3B3BEF20D18BBB000BFE7D /* Stmt.m */,
				6A3B3BF020D18BBB000BFE7D /* SimiPropertyImpl.h */,
				6A3B3BF120D18BBB000BFE7D /* Parser.h */,
				6A3B3BF220D18BBB000BFE7D /* SimiFunction.h */,
				6A3B3BF320D18BBB000BFE7D /* ErrorWatcher.h */,
				6A3B3BF420D18BBB000BFE7D /* SimiNativeObject.m */,
				6A3B3BF520D18BBB000BFE7D /* OverloadableFunction.m */,
				6A3B3BF620D18BBB000BFE7D /* ErrorHub.h */,
				6A3B3BF720D18BBB000BFE7D /* SimiCallable.m */,
				6A3B3BF820D18BBB000BFE7D /* SimiJavaGlobal.m */,
				6A3B3BF920D18BBB000BFE7D /* SimiException.m */,
				6A3B3BFA20D18BBB000BFE7D /* Interpreter.h */,
				6A3B3BFB20D18BBB000BFE7D /* Continue.m */,
				6A3B3BFC20D18BBB000BFE7D /* SimiNativeClass.m */,
				6A3B3BFD20D18BBB000BFE7D /* BaseClassesNativeImpl.h */,
				6A3B3BFE20D18BBB000BFE7D /* Break.m */,
				6A3B3BFF20D18BBB000BFE7D /* SimiObjectImpl.h */,
				6A3B3C0020D18BBB000BFE7D /* Token.m */,
				6A3B3C0120D18BBB000BFE7D /* SimiJavaMethod.m */,
				6A3B3C0220D18BBB000BFE7D /* SimiObject.h */,
				6A3B3C0320D18BBB000BFE7D /* Return.h */,
				6A3B3C0420D18BBB000BFE7D /* SimiStatement.h */,
				6A3B3C0520D18BBB000BFE7D /* RuntimeError.h */,
				6A3B3C0620D18BBB000BFE7D /* Simi.m */,
				6A3B3C0720D18BBB000BFE7D /* SimiProperty.h */,
				6A3B3C0820D18BBB000BFE7D /* TempNull.h */,
				6A3B3C0920D18BBB000BFE7D /* ActiveSimi.h */,
				6A3B3C0A20D18BBB000BFE7D /* Expr.h */,
				6A3B3C0B20D18BBB000BFE7D /* SimiValue.h */,
				6A3B3C0C20D18BBB000BFE7D /* Yield.h */,
				6A3B3C0D20D18BBB000BFE7D /* BlockImpl.m */,
				6A3B3C0E20D18BBB000BFE7D /* GenerateAst.m */,
				6A3B3C0F20D18BBB000BFE7D /* Environment.h */,
				6A3B3C1020D18BBB000BFE7D /* SimiMapper.h */,
				6A3B3C1120D18BBB000BFE7D /* SimiApiClass.m */,
				6A3B3C1220D18BBB000BFE7D /* SimiEnvironment.h */,
				6A3B3C1320D18BBB000BFE7D /* Constants.h */,
				6A3B3C1420D18BBB000BFE7D /* BlockInterpreter.h */,
				6A3B3C1520D18BBB000BFE7D /* Codifiable.m */,
				6A3B3C1620D18BBB000BFE7D /* SimiClassImpl.m */,
				6A3B3C1720D18BBB000BFE7D /* Scanner.h */,
				6A3B3C1820D18BBB000BFE7D /* SparseArray.h */,
				6A3B3C1920D18BBB000BFE7D /* Resolver.h */,
				6A3B3C1A20D18BBB000BFE7D /* SimiBlock.h */,
				6A3B3C1B20D18BBB000BFE7D /* Pass.h */,
				6A3B3C1C20D18BBB000BFE7D /* SimiClass.h */,
				6A3B3C1D20D18BBB000BFE7D /* TokenType.h */,
				6A3B3C1E20D18BBB000BFE7D /* NativeModulesManager.h */,
				6A3B3C1F20D18BBB000BFE7D /* SimiMethod.h */,
				6A3B3C2020D18BBB000BFE7D /* SimiJavaClass.h */,
				6A3B3C2120D18BBB000BFE7D /* SimiObject.m */,
				6A3B3C2220D18BBB000BFE7D /* SimiJavaMethod.h */,
				6A3B3C2320D18BBB000BFE7D /* Token.h */,
				6A3B3C2420D18BBB000BFE7D /* SimiObjectImpl.m */,
				6A3B3C2520D18BBB000BFE7D /* BaseClassesNativeImpl.m */,
				6A3B3C2620D18BBB000BFE7D /* Break.h */,
				6A3B3C2720D18BBB000BFE7D /* SimiNativeClass.h */,
				6A3B3C2820D18BBB000BFE7D /* Interpreter.m */,
				6A3B3C2920D18BBB000BFE7D /* Continue.h */,
				6A3B3C2A20D18BBB000BFE7D /* SimiJavaGlobal.h */,
				6A3B3C2B20D18BBB000BFE7D /* SimiException.h */,
				6A3B3C2C20D18BBB000BFE7D /* SimiCallable.h */,
				6A3B3C2D20D18BBB000BFE7D /* OverloadableFunction.h */,
				6A3B3C2E20D18BBB000BFE7D /* ErrorHub.m */,
				6A3B3C2F20D18BBB000BFE7D /* SimiNativeObject.h */,
				6A3B3C3020D18BBB000BFE7D /* SimiFunction.m */,
				6A3B3C3120D18BBB000BFE7D /* ErrorWatcher.m */,
				6A3B3C3220D18BBB000BFE7D /* SimiPropertyImpl.m */,
				6A3B3C3320D18BBB000BFE7D /* Parser.m */,
				6A3B3C3420D18BBB000BFE7D /* Stmt.h */,
				6A3B3C3520D18BBB000BFE7D /* Environment.m */,
				6A3B3C3620D18BBB000BFE7D /* GenerateAst.h */,
				6A3B3C3720D18BBB000BFE7D /* BlockImpl.h */,
				6A3B3C3820D18BBB000BFE7D /* Yield.m */,
				6A3B3C3920D18BBB000BFE7D /* SimiValue.m */,
				6A3B3C3A20D18BBB000BFE7D /* Expr.m */,
				6A3B3C3B20D18BBB000BFE7D /* ActiveSimi.m */,
				6A3B3C3C20D18BBB000BFE7D /* TempNull.m */,
				6A3B3C3D20D18BBB000BFE7D /* Simi.h */,
				6A3B3C3E20D18BBB000BFE7D /* RuntimeError.m */,
				6A3B3C3F20D18BBB000BFE7D /* SimiStatement.m */,
				6A3B3C4020D18BBB000BFE7D /* SimiProperty.m */,
				6A3B3C4120D18BBB000BFE7D /* Return.m */,
			);
			path = simi;
			sourceTree = "<group>";
		};
		6A486B88208BDF60000398A6 /* stdlib */ = {
			isa = PBXGroup;
			children = (
				6AB5686A208F752000103ABF /* Stdlib-java.jar */,
				6A486B8C208BDF61000398A6 /* Stdlib.simi */,
			);
			name = stdlib;
			path = Simi/stdlib;
			sourceTree = "<group>";
		};
		6AF83DF8208A7A30005CA323 = {
			isa = PBXGroup;
			children = (
				6AF83E03208A7A30005CA323 /* SimiCalc */,
				6AF83E02208A7A30005CA323 /* Products */,
				F287D98DCEF12B8C4530F967 /* Pods */,
				A045F1AFF9B0B64DA70898F4 /* Frameworks */,
			);
			sourceTree = "<group>";
		};
		6AF83E02208A7A30005CA323 /* Products */ = {
			isa = PBXGroup;
			children = (
				6AF83E01208A7A30005CA323 /* SimiCalc.app */,
			);
			name = Products;
			sourceTree = "<group>";
		};
		6AF83E03208A7A30005CA323 /* SimiCalc */ = {
			isa = PBXGroup;
			children = (
				6A3B3BDB20D18BBB000BFE7D /* net */,
				6A486B95208C652A000398A6 /* Calc.simi */,
				6A000D54208E026200F8BF0A /* json.simi */,
				6A000D55208E026200F8BF0A /* RedditStats.simi */,
				6A486B88208BDF60000398A6 /* stdlib */,
				6AF83E04208A7A30005CA323 /* AppDelegate.h */,
				6AF83E05208A7A30005CA323 /* AppDelegate.m */,
				6AF83E07208A7A30005CA323 /* ViewController.h */,
				6AF83E08208A7A30005CA323 /* ViewController.m */,
				6AF83E0A208A7A30005CA323 /* Main.storyboard */,
				6AF83E0D208A7A31005CA323 /* Assets.xcassets */,
				6AF83E0F208A7A31005CA323 /* LaunchScreen.storyboard */,
				6AF83E12208A7A31005CA323 /* Info.plist */,
				6AF83E13208A7A31005CA323 /* main.m */,
				6A2252C8208F3D0C0079A0AA /* ConversionUtil.h */,
				6A2252C9208F3D0C0079A0AA /* ConversionUtil.m */,
				6AC5E5EB208F42200053C4FE /* IOSObjectArray+Simi.h */,
				6AC5E5EC208F42200053C4FE /* IOSObjectArray+Simi.m */,
			);
			path = SimiCalc;
			sourceTree = "<group>";
		};
		A045F1AFF9B0B64DA70898F4 /* Frameworks */ = {
			isa = PBXGroup;
			children = (
				6A000D52208E010A00F8BF0A /* Security.framework */,
				9F1B2F8A1D06BA8A691E6A64 /* libPods-SimiCalc.a */,
			);
			name = Frameworks;
			sourceTree = "<group>";
		};
		F287D98DCEF12B8C4530F967 /* Pods */ = {
			isa = PBXGroup;
			children = (
				EC835EE295D65B4E51036A1B /* Pods-SimiCalc.debug.xcconfig */,
				8C4CFA0DC5E3706D640DFE65 /* Pods-SimiCalc.release.xcconfig */,
			);
			name = Pods;
			sourceTree = "<group>";
		};
/* End PBXGroup section */

/* Begin PBXNativeTarget section */
		6AF83E00208A7A30005CA323 /* SimiCalc */ = {
			isa = PBXNativeTarget;
			buildConfigurationList = 6AF83E17208A7A31005CA323 /* Build configuration list for PBXNativeTarget "SimiCalc" */;
			buildPhases = (
				4EDAF9547E1EF58AD0F61CAC /* [CP] Check Pods Manifest.lock */,
				6AF83DFD208A7A30005CA323 /* Sources */,
				6AF83DFE208A7A30005CA323 /* Frameworks */,
				6AF83DFF208A7A30005CA323 /* Resources */,
			);
			buildRules = (
				6AE09901208A915600A23D75 /* PBXBuildRule */,
			);
			dependencies = (
			);
			name = SimiCalc;
			productName = SimiCalc;
			productReference = 6AF83E01208A7A30005CA323 /* SimiCalc.app */;
			productType = "com.apple.product-type.application";
		};
/* End PBXNativeTarget section */

/* Begin PBXProject section */
		6AF83DF9208A7A30005CA323 /* Project object */ = {
			isa = PBXProject;
			attributes = {
				LastUpgradeCheck = 0930;
				ORGANIZATIONNAME = "Gordan Glavaš";
				TargetAttributes = {
					6AF83E00208A7A30005CA323 = {
						CreatedOnToolsVersion = 9.3;
					};
				};
			};
			buildConfigurationList = 6AF83DFC208A7A30005CA323 /* Build configuration list for PBXProject "SimiCalc" */;
			compatibilityVersion = "Xcode 9.3";
			developmentRegion = en;
			hasScannedForEncodings = 0;
			knownRegions = (
				en,
				Base,
			);
			mainGroup = 6AF83DF8208A7A30005CA323;
			productRefGroup = 6AF83E02208A7A30005CA323 /* Products */;
			projectDirPath = "";
			projectRoot = "";
			targets = (
				6AF83E00208A7A30005CA323 /* SimiCalc */,
			);
		};
/* End PBXProject section */

/* Begin PBXResourcesBuildPhase section */
		6AF83DFF208A7A30005CA323 /* Resources */ = {
			isa = PBXResourcesBuildPhase;
			buildActionMask = 2147483647;
			files = (
				6AF83E11208A7A31005CA323 /* LaunchScreen.storyboard in Resources */,
				6AF83E0E208A7A31005CA323 /* Assets.xcassets in Resources */,
				6A000D57208E026200F8BF0A /* RedditStats.simi in Resources */,
				6A486B92208BDF61000398A6 /* Stdlib.simi in Resources */,
				6A000D56208E026200F8BF0A /* json.simi in Resources */,
				6A486B96208C652A000398A6 /* Calc.simi in Resources */,
				6AF83E0C208A7A30005CA323 /* Main.storyboard in Resources */,
			);
			runOnlyForDeploymentPostprocessing = 0;
		};
/* End PBXResourcesBuildPhase section */

/* Begin PBXShellScriptBuildPhase section */
		4EDAF9547E1EF58AD0F61CAC /* [CP] Check Pods Manifest.lock */ = {
			isa = PBXShellScriptBuildPhase;
			buildActionMask = 2147483647;
			files = (
			);
			inputPaths = (
				"${PODS_PODFILE_DIR_PATH}/Podfile.lock",
				"${PODS_ROOT}/Manifest.lock",
			);
			name = "[CP] Check Pods Manifest.lock";
			outputPaths = (
				"$(DERIVED_FILE_DIR)/Pods-SimiCalc-checkManifestLockResult.txt",
			);
			runOnlyForDeploymentPostprocessing = 0;
			shellPath = /bin/sh;
			shellScript = "diff \"${PODS_PODFILE_DIR_PATH}/Podfile.lock\" \"${PODS_ROOT}/Manifest.lock\" > /dev/null\nif [ $? != 0 ] ; then\n    # print error to STDERR\n    echo \"error: The sandbox is not in sync with the Podfile.lock. Run 'pod install' or update your CocoaPods installation.\" >&2\n    exit 1\nfi\n# This output is used by Xcode 'outputs' to avoid re-running this script phase.\necho \"SUCCESS\" > \"${SCRIPT_OUTPUT_FILE_0}\"\n";
			showEnvVarsInLog = 0;
		};
/* End PBXShellScriptBuildPhase section */

/* Begin PBXSourcesBuildPhase section */
		6AF83DFD208A7A30005CA323 /* Sources */ = {
			isa = PBXSourcesBuildPhase;
			buildActionMask = 2147483647;
			files = (
				6A3B3C5B20D18BBB000BFE7D /* Simi.m in Sources */,
				6A3B3C5920D18BBB000BFE7D /* Token.m in Sources */,
				6A3B3C6F20D18BBC000BFE7D /* TempNull.m in Sources */,
				6A3B3C5520D18BBB000BFE7D /* SimiException.m in Sources */,
				6A3B3C5C20D18BBC000BFE7D /* BlockImpl.m in Sources */,
				6A3B3C6220D18BBC000BFE7D /* SimiObjectImpl.m in Sources */,
				6A3B3C6320D18BBC000BFE7D /* BaseClassesNativeImpl.m in Sources */,
				6A3B3C5420D18BBB000BFE7D /* SimiJavaGlobal.m in Sources */,
				6A3B3C4A20D18BBB000BFE7D /* NativeModulesManager.m in Sources */,
				6A3B3C4F20D18BBB000BFE7D /* Resolver.m in Sources */,
				6A3B3C5620D18BBB000BFE7D /* Continue.m in Sources */,
				6A3B3C6820D18BBC000BFE7D /* SimiPropertyImpl.m in Sources */,
				6A3B3C7220D18BBC000BFE7D /* SimiProperty.m in Sources */,
				6A3B3C6020D18BBC000BFE7D /* SimiClassImpl.m in Sources */,
				6A3B3C4720D18BBB000BFE7D /* SimiJavaClass.m in Sources */,
				6A3B3C6E20D18BBC000BFE7D /* ActiveSimi.m in Sources */,
				6A3B3C5F20D18BBC000BFE7D /* Codifiable.m in Sources */,
				6A3B3C6120D18BBC000BFE7D /* SimiObject.m in Sources */,
				6A3B3C4220D18BBB000BFE7D /* Scanner.m in Sources */,
				6A3B3C7120D18BBC000BFE7D /* SimiStatement.m in Sources */,
				6A3B3C7320D18BBC000BFE7D /* Return.m in Sources */,
				6A3B3C5120D18BBB000BFE7D /* SimiNativeObject.m in Sources */,
				6A3B3C6A20D18BBC000BFE7D /* Environment.m in Sources */,
				6AF83E09208A7A30005CA323 /* ViewController.m in Sources */,
				6A3B3C5A20D18BBB000BFE7D /* SimiJavaMethod.m in Sources */,
				6A3B3C5320D18BBB000BFE7D /* SimiCallable.m in Sources */,
				6A3B3C6C20D18BBC000BFE7D /* SimiValue.m in Sources */,
				6A3B3C5020D18BBB000BFE7D /* Stmt.m in Sources */,
				6A3B3C6720D18BBC000BFE7D /* ErrorWatcher.m in Sources */,
				6A3B3C5E20D18BBC000BFE7D /* SimiApiClass.m in Sources */,
				6A3B3C5820D18BBB000BFE7D /* Break.m in Sources */,
				6A3B3C4620D18BBB000BFE7D /* SimiMapper.m in Sources */,
				6AC5E5ED208F42200053C4FE /* IOSObjectArray+Simi.m in Sources */,
				6A3B3C4420D18BBB000BFE7D /* Constants.m in Sources */,
				6AF83E14208A7A31005CA323 /* main.m in Sources */,
				6A3B3C4320D18BBB000BFE7D /* BlockInterpreter.m in Sources */,
				6A3B3C4520D18BBB000BFE7D /* SimiEnvironment.m in Sources */,
				6A3B3C6420D18BBC000BFE7D /* Interpreter.m in Sources */,
				6A3B3C5720D18BBB000BFE7D /* SimiNativeClass.m in Sources */,
				6A3B3C6B20D18BBC000BFE7D /* Yield.m in Sources */,
				6A3B3C4B20D18BBB000BFE7D /* Pass.m in Sources */,
				6A3B3C6620D18BBC000BFE7D /* SimiFunction.m in Sources */,
				6A3B3C7020D18BBC000BFE7D /* RuntimeError.m in Sources */,
				6A3B3C6920D18BBC000BFE7D /* Parser.m in Sources */,
				6A3B3C5D20D18BBC000BFE7D /* GenerateAst.m in Sources */,
				6A3B3C4E20D18BBB000BFE7D /* SparseArray.m in Sources */,
				6A3B3C4920D18BBB000BFE7D /* TokenType.m in Sources */,
				6AF83E06208A7A30005CA323 /* AppDelegate.m in Sources */,
				6A3B3C6520D18BBC000BFE7D /* ErrorHub.m in Sources */,
				6A3B3C6D20D18BBC000BFE7D /* Expr.m in Sources */,
				6A3B3C4820D18BBB000BFE7D /* SimiMethod.m in Sources */,
				6A3B3C4C20D18BBB000BFE7D /* SimiClass.m in Sources */,
				6A2252CA208F3D0C0079A0AA /* ConversionUtil.m in Sources */,
				6A3B3C4D20D18BBB000BFE7D /* SimiBlock.m in Sources */,
				6A3B3C5220D18BBB000BFE7D /* OverloadableFunction.m in Sources */,
			);
			runOnlyForDeploymentPostprocessing = 0;
		};
/* End PBXSourcesBuildPhase section */

/* Begin PBXVariantGroup section */
		6AF83E0A208A7A30005CA323 /* Main.storyboard */ = {
			isa = PBXVariantGroup;
			children = (
				6AF83E0B208A7A30005CA323 /* Base */,
			);
			name = Main.storyboard;
			sourceTree = "<group>";
		};
		6AF83E0F208A7A31005CA323 /* LaunchScreen.storyboard */ = {
			isa = PBXVariantGroup;
			children = (
				6AF83E10208A7A31005CA323 /* Base */,
			);
			name = LaunchScreen.storyboard;
			sourceTree = "<group>";
		};
/* End PBXVariantGroup section */

/* Begin XCBuildConfiguration section */
		6AF83E15208A7A31005CA323 /* Debug */ = {
			isa = XCBuildConfiguration;
			buildSettings = {
				ALWAYS_SEARCH_USER_PATHS = NO;
				CLANG_ANALYZER_NONNULL = YES;
				CLANG_ANALYZER_NUMBER_OBJECT_CONVERSION = YES_AGGRESSIVE;
				CLANG_CXX_LANGUAGE_STANDARD = "gnu++14";
				CLANG_CXX_LIBRARY = "libc++";
				CLANG_ENABLE_MODULES = YES;
				CLANG_ENABLE_OBJC_ARC = YES;
				CLANG_ENABLE_OBJC_WEAK = YES;
				CLANG_WARN_BLOCK_CAPTURE_AUTORELEASING = YES;
				CLANG_WARN_BOOL_CONVERSION = YES;
				CLANG_WARN_COMMA = YES;
				CLANG_WARN_CONSTANT_CONVERSION = YES;
				CLANG_WARN_DEPRECATED_OBJC_IMPLEMENTATIONS = YES;
				CLANG_WARN_DIRECT_OBJC_ISA_USAGE = YES_ERROR;
				CLANG_WARN_DOCUMENTATION_COMMENTS = YES;
				CLANG_WARN_EMPTY_BODY = YES;
				CLANG_WARN_ENUM_CONVERSION = YES;
				CLANG_WARN_INFINITE_RECURSION = YES;
				CLANG_WARN_INT_CONVERSION = YES;
				CLANG_WARN_NON_LITERAL_NULL_CONVERSION = YES;
				CLANG_WARN_OBJC_IMPLICIT_RETAIN_SELF = YES;
				CLANG_WARN_OBJC_LITERAL_CONVERSION = YES;
				CLANG_WARN_OBJC_ROOT_CLASS = YES_ERROR;
				CLANG_WARN_RANGE_LOOP_ANALYSIS = YES;
				CLANG_WARN_STRICT_PROTOTYPES = YES;
				CLANG_WARN_SUSPICIOUS_MOVE = YES;
				CLANG_WARN_UNGUARDED_AVAILABILITY = YES_AGGRESSIVE;
				CLANG_WARN_UNREACHABLE_CODE = YES;
				CLANG_WARN__DUPLICATE_METHOD_MATCH = YES;
				CODE_SIGN_IDENTITY = "iPhone Developer";
				COPY_PHASE_STRIP = NO;
				DEBUG_INFORMATION_FORMAT = dwarf;
				ENABLE_STRICT_OBJC_MSGSEND = YES;
				ENABLE_TESTABILITY = YES;
				GCC_C_LANGUAGE_STANDARD = gnu11;
				GCC_DYNAMIC_NO_PIC = NO;
				GCC_NO_COMMON_BLOCKS = YES;
				GCC_OPTIMIZATION_LEVEL = 0;
				GCC_PREPROCESSOR_DEFINITIONS = (
					"DEBUG=1",
					"$(inherited)",
				);
				GCC_WARN_64_TO_32_BIT_CONVERSION = YES;
				GCC_WARN_ABOUT_RETURN_TYPE = YES_ERROR;
				GCC_WARN_UNDECLARED_SELECTOR = YES;
				GCC_WARN_UNINITIALIZED_AUTOS = YES_AGGRESSIVE;
				GCC_WARN_UNUSED_FUNCTION = YES;
				GCC_WARN_UNUSED_VARIABLE = YES;
				IPHONEOS_DEPLOYMENT_TARGET = 11.3;
				MTL_ENABLE_DEBUG_INFO = YES;
				ONLY_ACTIVE_ARCH = YES;
				SDKROOT = iphoneos;
			};
			name = Debug;
		};
		6AF83E16208A7A31005CA323 /* Release */ = {
			isa = XCBuildConfiguration;
			buildSettings = {
				ALWAYS_SEARCH_USER_PATHS = NO;
				CLANG_ANALYZER_NONNULL = YES;
				CLANG_ANALYZER_NUMBER_OBJECT_CONVERSION = YES_AGGRESSIVE;
				CLANG_CXX_LANGUAGE_STANDARD = "gnu++14";
				CLANG_CXX_LIBRARY = "libc++";
				CLANG_ENABLE_MODULES = YES;
				CLANG_ENABLE_OBJC_ARC = YES;
				CLANG_ENABLE_OBJC_WEAK = YES;
				CLANG_WARN_BLOCK_CAPTURE_AUTORELEASING = YES;
				CLANG_WARN_BOOL_CONVERSION = YES;
				CLANG_WARN_COMMA = YES;
				CLANG_WARN_CONSTANT_CONVERSION = YES;
				CLANG_WARN_DEPRECATED_OBJC_IMPLEMENTATIONS = YES;
				CLANG_WARN_DIRECT_OBJC_ISA_USAGE = YES_ERROR;
				CLANG_WARN_DOCUMENTATION_COMMENTS = YES;
				CLANG_WARN_EMPTY_BODY = YES;
				CLANG_WARN_ENUM_CONVERSION = YES;
				CLANG_WARN_INFINITE_RECURSION = YES;
				CLANG_WARN_INT_CONVERSION = YES;
				CLANG_WARN_NON_LITERAL_NULL_CONVERSION = YES;
				CLANG_WARN_OBJC_IMPLICIT_RETAIN_SELF = YES;
				CLANG_WARN_OBJC_LITERAL_CONVERSION = YES;
				CLANG_WARN_OBJC_ROOT_CLASS = YES_ERROR;
				CLANG_WARN_RANGE_LOOP_ANALYSIS = YES;
				CLANG_WARN_STRICT_PROTOTYPES = YES;
				CLANG_WARN_SUSPICIOUS_MOVE = YES;
				CLANG_WARN_UNGUARDED_AVAILABILITY = YES_AGGRESSIVE;
				CLANG_WARN_UNREACHABLE_CODE = YES;
				CLANG_WARN__DUPLICATE_METHOD_MATCH = YES;
				CODE_SIGN_IDENTITY = "iPhone Developer";
				COPY_PHASE_STRIP = NO;
				DEBUG_INFORMATION_FORMAT = "dwarf-with-dsym";
				ENABLE_NS_ASSERTIONS = NO;
				ENABLE_STRICT_OBJC_MSGSEND = YES;
				GCC_C_LANGUAGE_STANDARD = gnu11;
				GCC_NO_COMMON_BLOCKS = YES;
				GCC_WARN_64_TO_32_BIT_CONVERSION = YES;
				GCC_WARN_ABOUT_RETURN_TYPE = YES_ERROR;
				GCC_WARN_UNDECLARED_SELECTOR = YES;
				GCC_WARN_UNINITIALIZED_AUTOS = YES_AGGRESSIVE;
				GCC_WARN_UNUSED_FUNCTION = YES;
				GCC_WARN_UNUSED_VARIABLE = YES;
				IPHONEOS_DEPLOYMENT_TARGET = 11.3;
				MTL_ENABLE_DEBUG_INFO = NO;
				SDKROOT = iphoneos;
				VALIDATE_PRODUCT = YES;
			};
			name = Release;
		};
		6AF83E18208A7A31005CA323 /* Debug */ = {
			isa = XCBuildConfiguration;
			baseConfigurationReference = EC835EE295D65B4E51036A1B /* Pods-SimiCalc.debug.xcconfig */;
			buildSettings = {
				ASSETCATALOG_COMPILER_APPICON_NAME = AppIcon;
				CODE_SIGN_STYLE = Automatic;
				DEVELOPMENT_TEAM = N43KYHR3HM;
				FRAMEWORK_SEARCH_PATHS = "${J2OBJC_HOME}/frameworks";
				INFOPLIST_FILE = SimiCalc/Info.plist;
				J2OBJC_HOME = "/Users/gordanglavas/Downloads/j2objc-2.1/dist";
				LD_RUNPATH_SEARCH_PATHS = (
					"$(inherited)",
					"@executable_path/Frameworks",
				);
				LIBRARY_SEARCH_PATHS = (
					"${J2OBJC_HOME}/lib",
					"$(inherited)",
				);
				OTHER_LDFLAGS = (
					"-ljre_emul",
					"-l\"iconv\"",
					"-l\"AFNetworking\"",
				);
				PRODUCT_BUNDLE_IDENTIFIER = net.globulus.SimiCalc;
				PRODUCT_NAME = "$(TARGET_NAME)";
				TARGETED_DEVICE_FAMILY = "1,2";
				USER_HEADER_SEARCH_PATHS = "${J2OBJC_HOME}/include";
			};
			name = Debug;
		};
		6AF83E19208A7A31005CA323 /* Release */ = {
			isa = XCBuildConfiguration;
			baseConfigurationReference = 8C4CFA0DC5E3706D640DFE65 /* Pods-SimiCalc.release.xcconfig */;
			buildSettings = {
				ASSETCATALOG_COMPILER_APPICON_NAME = AppIcon;
				CODE_SIGN_STYLE = Automatic;
				DEVELOPMENT_TEAM = N43KYHR3HM;
				FRAMEWORK_SEARCH_PATHS = "${J2OBJC_HOME}/frameworks";
				INFOPLIST_FILE = SimiCalc/Info.plist;
				J2OBJC_HOME = "/Users/gordanglavas/Downloads/j2objc-2.1/dist";
				LD_RUNPATH_SEARCH_PATHS = (
					"$(inherited)",
					"@executable_path/Frameworks",
				);
				LIBRARY_SEARCH_PATHS = (
					"${J2OBJC_HOME}/lib",
					"$(inherited)",
				);
				OTHER_LDFLAGS = (
					"-ljre_emul",
					"-l\"iconv\"",
					"-l\"AFNetworking\"",
				);
				PRODUCT_BUNDLE_IDENTIFIER = net.globulus.SimiCalc;
				PRODUCT_NAME = "$(TARGET_NAME)";
				TARGETED_DEVICE_FAMILY = "1,2";
				USER_HEADER_SEARCH_PATHS = "${J2OBJC_HOME}/include";
			};
			name = Release;
		};
/* End XCBuildConfiguration section */

/* Begin XCConfigurationList section */
		6AF83DFC208A7A30005CA323 /* Build configuration list for PBXProject "SimiCalc" */ = {
			isa = XCConfigurationList;
			buildConfigurations = (
				6AF83E15208A7A31005CA323 /* Debug */,
				6AF83E16208A7A31005CA323 /* Release */,
			);
			defaultConfigurationIsVisible = 0;
			defaultConfigurationName = Release;
		};
		6AF83E17208A7A31005CA323 /* Build configuration list for PBXNativeTarget "SimiCalc" */ = {
			isa = XCConfigurationList;
			buildConfigurations = (
				6AF83E18208A7A31005CA323 /* Debug */,
				6AF83E19208A7A31005CA323 /* Release */,
			);
			defaultConfigurationIsVisible = 0;
			defaultConfigurationName = Release;
		};
/* End XCConfigurationList section */
	};
	rootObject = 6AF83DF9208A7A30005CA323 /* Project object */;
}
